
Microsoft Visual Studio Solution File, Format Version 12.00
# Visual Studio Version 17
VisualStudioVersion = 17.13.35806.99
MinimumVisualStudioVersion = 10.0.40219.1
Project("{2150E333-8FDC-42A3-9474-1A3956D46DE8}") = "Src", "Src", "{02EA681E-C7D8-13C7-8484-4AC65E1B71E8}"
EndProject
Project("{2150E333-8FDC-42A3-9474-1A3956D46DE8}") = "UserService", "UserService", "{D9312C33-055F-423A-8182-C16942F5E094}"
EndProject
Project("{2150E333-8FDC-42A3-9474-1A3956D46DE8}") = "AuthService", "AuthService", "{0597FC0A-755C-41DA-A39D-FAD52273C2AE}"
EndProject
Project("{2150E333-8FDC-42A3-9474-1A3956D46DE8}") = "EnrollmentService", "EnrollmentService", "{0CB210CC-780B-4A5F-B252-B210D78F998F}"
EndProject
Project("{2150E333-8FDC-42A3-9474-1A3956D46DE8}") = "CoureService", "CoureService", "{610A7F72-10FD-4C42-A954-24FC635BEB84}"
EndProject
Project("{2150E333-8FDC-42A3-9474-1A3956D46DE8}") = "OrderService", "OrderService", "{92BBC18D-1C67-41DF-8B77-BA7CE1691FCC}"
EndProject
Project("{FAE04EC0-301F-11D3-BF4B-00C04F79EFBC}") = "AuthService", "src\AuthService\AuthService.csproj", "{5C291AE0-4AB8-79EF-E3AE-1E6149BF3055}"
EndProject
Project("{FAE04EC0-301F-11D3-BF4B-00C04F79EFBC}") = "CourseService", "src\CourseService\CourseService.csproj", "{9B2A89AA-1628-189B-83E2-B4690ECECBC9}"
EndProject
Project("{FAE04EC0-301F-11D3-BF4B-00C04F79EFBC}") = "EnrollmentService", "src\EnrollmentService\EnrollmentService.csproj", "{C396ADD4-7422-A7FD-6C6B-CA24967992D3}"
EndProject
Project("{FAE04EC0-301F-11D3-BF4B-00C04F79EFBC}") = "UserService", "src\UserService\UserService.csproj", "{83F6432B-6D5F-2D49-A8A3-BB8F6E73D199}"
EndProject
Project("{2150E333-8FDC-42A3-9474-1A3956D46DE8}") = "Shared", "Shared", "{B857CB67-1D98-482C-A80E-CAE3F061D536}"
EndProject
Project("{FAE04EC0-301F-11D3-BF4B-00C04F79EFBC}") = "Application", "src\OrderService\Application\Application.csproj", "{F2F9F129-020C-3FF9-C3D0-19D34A38F881}"
EndProject
Project("{FAE04EC0-301F-11D3-BF4B-00C04F79EFBC}") = "Domain", "src\OrderService\Domain\Domain.csproj", "{91AEAB4C-2C6A-6334-165B-411CCB33F5DA}"
EndProject
Project("{FAE04EC0-301F-11D3-BF4B-00C04F79EFBC}") = "Infrastructure", "src\OrderService\Infrastructure\Infrastructure.csproj", "{59996C4B-2D08-9EF9-77DA-FA7E8A06154D}"
EndProject
Project("{FAE04EC0-301F-11D3-BF4B-00C04F79EFBC}") = "SharedKernel", "src\OrderService\SharedKernel\SharedKernel.csproj", "{314E7410-80F7-28DB-D8B7-6BD1A3F093BC}"
EndProject
Project("{FAE04EC0-301F-11D3-BF4B-00C04F79EFBC}") = "Web.Api", "src\OrderService\Web.Api\Web.Api.csproj", "{871C2BFB-84AD-EB42-11B5-11AD9082F18F}"
EndProject
Project("{2150E333-8FDC-42A3-9474-1A3956D46DE8}") = "Contracts", "Contracts", "{3E4914A7-2AC0-463F-914E-44E8413B2641}"
EndProject
Project("{FAE04EC0-301F-11D3-BF4B-00C04F79EFBC}") = "Courses.Contracts", "Contracts\Courses.Contracts\Courses.Contracts.csproj", "{ED615909-3085-C0ED-BF44-0E9FF13FD697}"
EndProject
Project("{FAE04EC0-301F-11D3-BF4B-00C04F79EFBC}") = "Enrollments.Contracts", "Contracts\Enrollments.Contracts\Enrollments.Contracts.csproj", "{B2BA1AD8-5782-562C-3693-F9C90EB8E6DF}"
EndProject
Project("{FAE04EC0-301F-11D3-BF4B-00C04F79EFBC}") = "Users.Contracts", "Contracts\Users.Contracts\Users.Contracts.csproj", "{94C4D6D7-E8A8-3AAD-6E3E-AABF176150B0}"
EndProject
Project("{FAE04EC0-301F-11D3-BF4B-00C04F79EFBC}") = "Messaging", "src\Shared\Messaging\Messaging.csproj", "{F3B9D7AD-BDE6-7FB0-C286-DF1E68E7B40B}"
EndProject
Project("{2150E333-8FDC-42A3-9474-1A3956D46DE8}") = "Tests", "Tests", "{321ECA49-3278-4E9B-ACE0-0E19B61F3ABE}"
EndProject
Project("{FAE04EC0-301F-11D3-BF4B-00C04F79EFBC}") = "AuthService.Tests", "Tests\AuthService.Tests\AuthService.Tests.csproj", "{D288F446-7AAB-8CA4-7989-D6031CFC32A8}"
EndProject
Project("{FAE04EC0-301F-11D3-BF4B-00C04F79EFBC}") = "UserService.Tests", "Tests\UserService.Tests\UserService.Tests.csproj", "{A5690D90-2401-257D-39D9-B2EB28098CED}"
EndProject
Project("{FAE04EC0-301F-11D3-BF4B-00C04F79EFBC}") = "Kernel", "src\Shared\Kernel\Kernel.csproj", "{D166CA5E-7197-430C-D847-AB0A865D1FB3}"
EndProject
Global
	GlobalSection(SolutionConfigurationPlatforms) = preSolution
		Debug|Any CPU = Debug|Any CPU
		Release|Any CPU = Release|Any CPU
	EndGlobalSection
	GlobalSection(ProjectConfigurationPlatforms) = postSolution
		{5C291AE0-4AB8-79EF-E3AE-1E6149BF3055}.Debug|Any CPU.ActiveCfg = Debug|Any CPU
		{5C291AE0-4AB8-79EF-E3AE-1E6149BF3055}.Debug|Any CPU.Build.0 = Debug|Any CPU
		{5C291AE0-4AB8-79EF-E3AE-1E6149BF3055}.Release|Any CPU.ActiveCfg = Release|Any CPU
		{5C291AE0-4AB8-79EF-E3AE-1E6149BF3055}.Release|Any CPU.Build.0 = Release|Any CPU
		{9B2A89AA-1628-189B-83E2-B4690ECECBC9}.Debug|Any CPU.ActiveCfg = Debug|Any CPU
		{9B2A89AA-1628-189B-83E2-B4690ECECBC9}.Debug|Any CPU.Build.0 = Debug|Any CPU
		{9B2A89AA-1628-189B-83E2-B4690ECECBC9}.Release|Any CPU.ActiveCfg = Release|Any CPU
		{9B2A89AA-1628-189B-83E2-B4690ECECBC9}.Release|Any CPU.Build.0 = Release|Any CPU
		{C396ADD4-7422-A7FD-6C6B-CA24967992D3}.Debug|Any CPU.ActiveCfg = Debug|Any CPU
		{C396ADD4-7422-A7FD-6C6B-CA24967992D3}.Debug|Any CPU.Build.0 = Debug|Any CPU
		{C396ADD4-7422-A7FD-6C6B-CA24967992D3}.Release|Any CPU.ActiveCfg = Release|Any CPU
		{C396ADD4-7422-A7FD-6C6B-CA24967992D3}.Release|Any CPU.Build.0 = Release|Any CPU
		{83F6432B-6D5F-2D49-A8A3-BB8F6E73D199}.Debug|Any CPU.ActiveCfg = Debug|Any CPU
		{83F6432B-6D5F-2D49-A8A3-BB8F6E73D199}.Debug|Any CPU.Build.0 = Debug|Any CPU
		{83F6432B-6D5F-2D49-A8A3-BB8F6E73D199}.Release|Any CPU.ActiveCfg = Release|Any CPU
		{83F6432B-6D5F-2D49-A8A3-BB8F6E73D199}.Release|Any CPU.Build.0 = Release|Any CPU
		{F2F9F129-020C-3FF9-C3D0-19D34A38F881}.Debug|Any CPU.ActiveCfg = Debug|Any CPU
		{F2F9F129-020C-3FF9-C3D0-19D34A38F881}.Debug|Any CPU.Build.0 = Debug|Any CPU
		{F2F9F129-020C-3FF9-C3D0-19D34A38F881}.Release|Any CPU.ActiveCfg = Release|Any CPU
		{F2F9F129-020C-3FF9-C3D0-19D34A38F881}.Release|Any CPU.Build.0 = Release|Any CPU
		{91AEAB4C-2C6A-6334-165B-411CCB33F5DA}.Debug|Any CPU.ActiveCfg = Debug|Any CPU
		{91AEAB4C-2C6A-6334-165B-411CCB33F5DA}.Debug|Any CPU.Build.0 = Debug|Any CPU
		{91AEAB4C-2C6A-6334-165B-411CCB33F5DA}.Release|Any CPU.ActiveCfg = Release|Any CPU
		{91AEAB4C-2C6A-6334-165B-411CCB33F5DA}.Release|Any CPU.Build.0 = Release|Any CPU
		{59996C4B-2D08-9EF9-77DA-FA7E8A06154D}.Debug|Any CPU.ActiveCfg = Debug|Any CPU
		{59996C4B-2D08-9EF9-77DA-FA7E8A06154D}.Debug|Any CPU.Build.0 = Debug|Any CPU
		{59996C4B-2D08-9EF9-77DA-FA7E8A06154D}.Release|Any CPU.ActiveCfg = Release|Any CPU
		{59996C4B-2D08-9EF9-77DA-FA7E8A06154D}.Release|Any CPU.Build.0 = Release|Any CPU
		{314E7410-80F7-28DB-D8B7-6BD1A3F093BC}.Debug|Any CPU.ActiveCfg = Debug|Any CPU
		{314E7410-80F7-28DB-D8B7-6BD1A3F093BC}.Debug|Any CPU.Build.0 = Debug|Any CPU
		{314E7410-80F7-28DB-D8B7-6BD1A3F093BC}.Release|Any CPU.ActiveCfg = Release|Any CPU
		{314E7410-80F7-28DB-D8B7-6BD1A3F093BC}.Release|Any CPU.Build.0 = Release|Any CPU
		{871C2BFB-84AD-EB42-11B5-11AD9082F18F}.Debug|Any CPU.ActiveCfg = Debug|Any CPU
		{871C2BFB-84AD-EB42-11B5-11AD9082F18F}.Debug|Any CPU.Build.0 = Debug|Any CPU
		{871C2BFB-84AD-EB42-11B5-11AD9082F18F}.Release|Any CPU.ActiveCfg = Release|Any CPU
		{871C2BFB-84AD-EB42-11B5-11AD9082F18F}.Release|Any CPU.Build.0 = Release|Any CPU
		{ED615909-3085-C0ED-BF44-0E9FF13FD697}.Debug|Any CPU.ActiveCfg = Debug|Any CPU
		{ED615909-3085-C0ED-BF44-0E9FF13FD697}.Debug|Any CPU.Build.0 = Debug|Any CPU
		{ED615909-3085-C0ED-BF44-0E9FF13FD697}.Release|Any CPU.ActiveCfg = Release|Any CPU
		{ED615909-3085-C0ED-BF44-0E9FF13FD697}.Release|Any CPU.Build.0 = Release|Any CPU
		{B2BA1AD8-5782-562C-3693-F9C90EB8E6DF}.Debug|Any CPU.ActiveCfg = Debug|Any CPU
		{B2BA1AD8-5782-562C-3693-F9C90EB8E6DF}.Debug|Any CPU.Build.0 = Debug|Any CPU
		{B2BA1AD8-5782-562C-3693-F9C90EB8E6DF}.Release|Any CPU.ActiveCfg = Release|Any CPU
		{B2BA1AD8-5782-562C-3693-F9C90EB8E6DF}.Release|Any CPU.Build.0 = Release|Any CPU
		{94C4D6D7-E8A8-3AAD-6E3E-AABF176150B0}.Debug|Any CPU.ActiveCfg = Debug|Any CPU
		{94C4D6D7-E8A8-3AAD-6E3E-AABF176150B0}.Debug|Any CPU.Build.0 = Debug|Any CPU
		{94C4D6D7-E8A8-3AAD-6E3E-AABF176150B0}.Release|Any CPU.ActiveCfg = Release|Any CPU
		{94C4D6D7-E8A8-3AAD-6E3E-AABF176150B0}.Release|Any CPU.Build.0 = Release|Any CPU
		{F3B9D7AD-BDE6-7FB0-C286-DF1E68E7B40B}.Debug|Any CPU.ActiveCfg = Debug|Any CPU
		{F3B9D7AD-BDE6-7FB0-C286-DF1E68E7B40B}.Debug|Any CPU.Build.0 = Debug|Any CPU
		{F3B9D7AD-BDE6-7FB0-C286-DF1E68E7B40B}.Release|Any CPU.ActiveCfg = Release|Any CPU
		{F3B9D7AD-BDE6-7FB0-C286-DF1E68E7B40B}.Release|Any CPU.Build.0 = Release|Any CPU
		{D288F446-7AAB-8CA4-7989-D6031CFC32A8}.Debug|Any CPU.ActiveCfg = Debug|Any CPU
		{D288F446-7AAB-8CA4-7989-D6031CFC32A8}.Debug|Any CPU.Build.0 = Debug|Any CPU
		{D288F446-7AAB-8CA4-7989-D6031CFC32A8}.Release|Any CPU.ActiveCfg = Release|Any CPU
		{D288F446-7AAB-8CA4-7989-D6031CFC32A8}.Release|Any CPU.Build.0 = Release|Any CPU
		{A5690D90-2401-257D-39D9-B2EB28098CED}.Debug|Any CPU.ActiveCfg = Debug|Any CPU
		{A5690D90-2401-257D-39D9-B2EB28098CED}.Debug|Any CPU.Build.0 = Debug|Any CPU
		{A5690D90-2401-257D-39D9-B2EB28098CED}.Release|Any CPU.ActiveCfg = Release|Any CPU
		{A5690D90-2401-257D-39D9-B2EB28098CED}.Release|Any CPU.Build.0 = Release|Any CPU
		{D166CA5E-7197-430C-D847-AB0A865D1FB3}.Debug|Any CPU.ActiveCfg = Debug|Any CPU
		{D166CA5E-7197-430C-D847-AB0A865D1FB3}.Debug|Any CPU.Build.0 = Debug|Any CPU
		{D166CA5E-7197-430C-D847-AB0A865D1FB3}.Release|Any CPU.ActiveCfg = Release|Any CPU
		{D166CA5E-7197-430C-D847-AB0A865D1FB3}.Release|Any CPU.Build.0 = Release|Any CPU
	EndGlobalSection
	GlobalSection(SolutionProperties) = preSolution
		HideSolutionNode = FALSE
	EndGlobalSection
	GlobalSection(NestedProjects) = preSolution
		{D9312C33-055F-423A-8182-C16942F5E094} = {02EA681E-C7D8-13C7-8484-4AC65E1B71E8}
		{0597FC0A-755C-41DA-A39D-FAD52273C2AE} = {02EA681E-C7D8-13C7-8484-4AC65E1B71E8}
		{0CB210CC-780B-4A5F-B252-B210D78F998F} = {02EA681E-C7D8-13C7-8484-4AC65E1B71E8}
		{610A7F72-10FD-4C42-A954-24FC635BEB84} = {02EA681E-C7D8-13C7-8484-4AC65E1B71E8}
		{92BBC18D-1C67-41DF-8B77-BA7CE1691FCC} = {02EA681E-C7D8-13C7-8484-4AC65E1B71E8}
		{5C291AE0-4AB8-79EF-E3AE-1E6149BF3055} = {0597FC0A-755C-41DA-A39D-FAD52273C2AE}
		{9B2A89AA-1628-189B-83E2-B4690ECECBC9} = {610A7F72-10FD-4C42-A954-24FC635BEB84}
		{C396ADD4-7422-A7FD-6C6B-CA24967992D3} = {0CB210CC-780B-4A5F-B252-B210D78F998F}
		{83F6432B-6D5F-2D49-A8A3-BB8F6E73D199} = {D9312C33-055F-423A-8182-C16942F5E094}
		{B857CB67-1D98-482C-A80E-CAE3F061D536} = {02EA681E-C7D8-13C7-8484-4AC65E1B71E8}
		{F2F9F129-020C-3FF9-C3D0-19D34A38F881} = {92BBC18D-1C67-41DF-8B77-BA7CE1691FCC}
		{91AEAB4C-2C6A-6334-165B-411CCB33F5DA} = {92BBC18D-1C67-41DF-8B77-BA7CE1691FCC}
		{59996C4B-2D08-9EF9-77DA-FA7E8A06154D} = {92BBC18D-1C67-41DF-8B77-BA7CE1691FCC}
		{314E7410-80F7-28DB-D8B7-6BD1A3F093BC} = {92BBC18D-1C67-41DF-8B77-BA7CE1691FCC}
		{871C2BFB-84AD-EB42-11B5-11AD9082F18F} = {92BBC18D-1C67-41DF-8B77-BA7CE1691FCC}
		{ED615909-3085-C0ED-BF44-0E9FF13FD697} = {3E4914A7-2AC0-463F-914E-44E8413B2641}
		{B2BA1AD8-5782-562C-3693-F9C90EB8E6DF} = {3E4914A7-2AC0-463F-914E-44E8413B2641}
		{94C4D6D7-E8A8-3AAD-6E3E-AABF176150B0} = {3E4914A7-2AC0-463F-914E-44E8413B2641}
		{F3B9D7AD-BDE6-7FB0-C286-DF1E68E7B40B} = {B857CB67-1D98-482C-A80E-CAE3F061D536}
		{D288F446-7AAB-8CA4-7989-D6031CFC32A8} = {321ECA49-3278-4E9B-ACE0-0E19B61F3ABE}
		{A5690D90-2401-257D-39D9-B2EB28098CED} = {321ECA49-3278-4E9B-ACE0-0E19B61F3ABE}
		{D166CA5E-7197-430C-D847-AB0A865D1FB3} = {B857CB67-1D98-482C-A80E-CAE3F061D536}
	EndGlobalSection
	GlobalSection(ExtensibilityGlobals) = postSolution
		SolutionGuid = {A9DB79B1-93CC-4F9E-B232-9AB7C522E5A2}
	EndGlobalSection
EndGlobal
