
Microsoft Visual Studio Solution File, Format Version 12.00
# Visual Studio Version 17
VisualStudioVersion = 17.13.35806.99
MinimumVisualStudioVersion = 10.0.40219.1
Project("{2150E333-8FDC-42A3-9474-1A3956D46DE8}") = "Src", "Src", "{02EA681E-C7D8-13C7-8484-4AC65E1B71E8}"
EndProject
Project("{2150E333-8FDC-42A3-9474-1A3956D46DE8}") = "UserService", "UserService", "{D9312C33-055F-423A-8182-C16942F5E094}"
EndProject
Project("{2150E333-8FDC-42A3-9474-1A3956D46DE8}") = "AuthService", "AuthService", "{0597FC0A-755C-41DA-A39D-FAD52273C2AE}"
EndProject
Project("{2150E333-8FDC-42A3-9474-1A3956D46DE8}") = "EnrollmentService", "EnrollmentService", "{0CB210CC-780B-4A5F-B252-B210D78F998F}"
EndProject
Project("{2150E333-8FDC-42A3-9474-1A3956D46DE8}") = "CoureService", "CoureService", "{610A7F72-10FD-4C42-A954-24FC635BEB84}"
EndProject
Project("{2150E333-8FDC-42A3-9474-1A3956D46DE8}") = "OrderService", "OrderService", "{92BBC18D-1C67-41DF-8B77-BA7CE1691FCC}"
EndProject
Project("{2150E333-8FDC-42A3-9474-1A3956D46DE8}") = "Shared", "Shared", "{B857CB67-1D98-482C-A80E-CAE3F061D536}"
EndProject
Project("{FAE04EC0-301F-11D3-BF4B-00C04F79EFBC}") = "Application", "src\OrderService\Application\Application.csproj", "{F2F9F129-020C-3FF9-C3D0-19D34A38F881}"
EndProject
Project("{FAE04EC0-301F-11D3-BF4B-00C04F79EFBC}") = "Domain", "src\OrderService\Domain\Domain.csproj", "{91AEAB4C-2C6A-6334-165B-411CCB33F5DA}"
EndProject
Project("{FAE04EC0-301F-11D3-BF4B-00C04F79EFBC}") = "Infrastructure", "src\OrderService\Infrastructure\Infrastructure.csproj", "{59996C4B-2D08-9EF9-77DA-FA7E8A06154D}"
EndProject
Project("{FAE04EC0-301F-11D3-BF4B-00C04F79EFBC}") = "SharedKernel", "src\OrderService\SharedKernel\SharedKernel.csproj", "{314E7410-80F7-28DB-D8B7-6BD1A3F093BC}"
EndProject
Project("{FAE04EC0-301F-11D3-BF4B-00C04F79EFBC}") = "Web.Api", "src\OrderService\Web.Api\Web.Api.csproj", "{871C2BFB-84AD-EB42-11B5-11AD9082F18F}"
EndProject
Project("{2150E333-8FDC-42A3-9474-1A3956D46DE8}") = "Contracts", "Contracts", "{3E4914A7-2AC0-463F-914E-44E8413B2641}"
EndProject
Project("{FAE04EC0-301F-11D3-BF4B-00C04F79EFBC}") = "Courses.Contracts", "Contracts\Courses.Contracts\Courses.Contracts.csproj", "{ED615909-3085-C0ED-BF44-0E9FF13FD697}"
EndProject
Project("{FAE04EC0-301F-11D3-BF4B-00C04F79EFBC}") = "Enrollments.Contracts", "Contracts\Enrollments.Contracts\Enrollments.Contracts.csproj", "{B2BA1AD8-5782-562C-3693-F9C90EB8E6DF}"
EndProject
Project("{FAE04EC0-301F-11D3-BF4B-00C04F79EFBC}") = "Users.Contracts", "Contracts\Users.Contracts\Users.Contracts.csproj", "{94C4D6D7-E8A8-3AAD-6E3E-AABF176150B0}"
EndProject
Project("{FAE04EC0-301F-11D3-BF4B-00C04F79EFBC}") = "Messaging", "src\Shared\Messaging\Messaging.csproj", "{F3B9D7AD-BDE6-7FB0-C286-DF1E68E7B40B}"
EndProject
Project("{2150E333-8FDC-42A3-9474-1A3956D46DE8}") = "Tests", "Tests", "{321ECA49-3278-4E9B-ACE0-0E19B61F3ABE}"
EndProject
Project("{FAE04EC0-301F-11D3-BF4B-00C04F79EFBC}") = "Kernel", "src\Shared\Kernel\Kernel.csproj", "{D166CA5E-7197-430C-D847-AB0A865D1FB3}"
EndProject
Project("{FAE04EC0-301F-11D3-BF4B-00C04F79EFBC}") = "Application", "src\UserService\Application\Application.csproj", "{369CB90E-4AE7-990B-B4F4-35E83CEAF041}"
EndProject
Project("{FAE04EC0-301F-11D3-BF4B-00C04F79EFBC}") = "Domain", "src\UserService\Domain\Domain.csproj", "{E0CAC32F-E3AD-2F1F-BA41-7B235C4EF544}"
EndProject
Project("{FAE04EC0-301F-11D3-BF4B-00C04F79EFBC}") = "Infrastructure", "src\UserService\Infrastructure\Infrastructure.csproj", "{81FB36E6-D362-AAE8-4ECC-DAFD757B7810}"
EndProject
Project("{FAE04EC0-301F-11D3-BF4B-00C04F79EFBC}") = "SharedKernel", "src\UserService\SharedKernel\SharedKernel.csproj", "{1E040889-9FF1-7393-73B1-0BB90EA67D74}"
EndProject
Project("{FAE04EC0-301F-11D3-BF4B-00C04F79EFBC}") = "User.Api", "src\UserService\Web.Api\User.Api.csproj", "{4EA33195-EF58-DAD8-30D9-4BB68A6A2754}"
EndProject
Project("{2150E333-8FDC-42A3-9474-1A3956D46DE8}") = "Tests", "Tests", "{AB286A22-48D2-4C8C-B604-9268525B888C}"
EndProject
Project("{FAE04EC0-301F-11D3-BF4B-00C04F79EFBC}") = "Domain.UnitTests", "src\UserService\Tests\Domain.UnitTests\Domain.UnitTests.csproj", "{8CC4B9A1-CC10-0489-D739-2F50F274FA0B}"
EndProject
Project("{FAE04EC0-301F-11D3-BF4B-00C04F79EFBC}") = "UserService.IntegrationTests", "src\UserService\Tests\UserService.IntegrationTests\UserService.IntegrationTests.csproj", "{E9A34E25-8CD7-2356-4BBC-0FE4BD1BF217}"
EndProject
Project("{2150E333-8FDC-42A3-9474-1A3956D46DE8}") = "Tests", "Tests", "{139E2FC4-8D9C-4805-A2DA-BE5976724CD0}"
EndProject
Project("{FAE04EC0-301F-11D3-BF4B-00C04F79EFBC}") = "Application.UnitTests", "src\OrderService\Tests\Application.UnitTests\Application.UnitTests\Application.UnitTests.csproj", "{8CDCB8DD-4F41-A192-3BB9-F57F5B4FF36A}"
EndProject
Project("{FAE04EC0-301F-11D3-BF4B-00C04F79EFBC}") = "Architecture.Tests", "src\OrderService\Tests\Architecture.Tests\Architecture.Tests\Architecture.Tests.csproj", "{E42B72AA-2459-A2CC-D8C9-F1A9B57EFD42}"
EndProject
Project("{FAE04EC0-301F-11D3-BF4B-00C04F79EFBC}") = "Domain.UnitTests", "src\OrderService\Tests\Domain.UnitTests\Domain.UnitTests.csproj", "{848F60CC-69CE-0283-8B20-94F31AF36470}"
EndProject
Project("{FAE04EC0-301F-11D3-BF4B-00C04F79EFBC}") = "OrderService.IntegrationTests", "src\OrderService\Tests\OrderService.IntegrationTests\OrderService.IntegrationTests\OrderService.IntegrationTests.csproj", "{9BB86CC6-C758-7A8E-A27D-AE9604548B31}"
EndProject
Project("{FAE04EC0-301F-11D3-BF4B-00C04F79EFBC}") = "Application", "src\CourseService\Application\Application.csproj", "{79CF8044-72BD-8FBA-E77B-05F5B2A49D20}"
EndProject
Project("{FAE04EC0-301F-11D3-BF4B-00C04F79EFBC}") = "Domain", "src\CourseService\Domain\Domain.csproj", "{955E39DA-E825-0FBA-F513-B533FE15E151}"
EndProject
Project("{FAE04EC0-301F-11D3-BF4B-00C04F79EFBC}") = "Infrastructure", "src\CourseService\Infrastructure\Infrastructure.csproj", "{D7B05675-94D1-56F2-9E9B-8B799EE50167}"
EndProject
Project("{FAE04EC0-301F-11D3-BF4B-00C04F79EFBC}") = "SharedKernel", "src\CourseService\SharedKernel\SharedKernel.csproj", "{EEB04CC6-DC57-C09E-B21D-2AA78E04579D}"
EndProject
Project("{FAE04EC0-301F-11D3-BF4B-00C04F79EFBC}") = "Course.Api", "src\CourseService\Web.Api\Course.Api.csproj", "{3A39D5FE-542F-2F23-486D-5D3BE46AB258}"
EndProject
Project("{2150E333-8FDC-42A3-9474-1A3956D46DE8}") = "Tests", "Tests", "{16C17E0F-49A5-4C6E-BBE6-41E09560D1D3}"
EndProject
Project("{FAE04EC0-301F-11D3-BF4B-00C04F79EFBC}") = "Application.UnitTests", "src\CourseService\Tests\Application.UnitTests\Application.UnitTests.csproj", "{DCE11A36-F3D1-CEBA-3D8C-AFC68F9AD3D3}"
EndProject
Project("{FAE04EC0-301F-11D3-BF4B-00C04F79EFBC}") = "Application", "src\AuthService\Application\Application.csproj", "{627546EF-A9B9-81BE-E885-00B3A79D242A}"
EndProject
Project("{FAE04EC0-301F-11D3-BF4B-00C04F79EFBC}") = "Domain", "src\AuthService\Domain\Domain.csproj", "{6D3DC097-CD86-72FA-3629-BED0331B408D}"
EndProject
Project("{FAE04EC0-301F-11D3-BF4B-00C04F79EFBC}") = "Infrastructure", "src\AuthService\Infrastructure\Infrastructure.csproj", "{1416EAA2-B4C3-2BD2-CFE4-79ECD1B58DA6}"
EndProject
Project("{FAE04EC0-301F-11D3-BF4B-00C04F79EFBC}") = "Auth.Api", "src\AuthService\Web.Api\Auth.Api.csproj", "{68342BE2-9CBD-C6D3-E931-1247BC33F8D4}"
EndProject
Project("{2150E333-8FDC-42A3-9474-1A3956D46DE8}") = "Tests", "Tests", "{FC4A8959-F87D-4E08-A6D1-EB25AB76B070}"
EndProject
Project("{2150E333-8FDC-42A3-9474-1A3956D46DE8}") = "Frontend", "Frontend", "{FF3BA081-B11A-4B94-AA1D-26B6B62A993D}"
EndProject
Project("{FAE04EC0-301F-11D3-BF4B-00C04F79EFBC}") = "Auth.Contracts", "Contracts\Auth.Contracts\Auth.Contracts.csproj", "{5E697E8B-3D42-B2BD-09B5-8BC61F5ACBFD}"
EndProject
Project("{FAE04EC0-301F-11D3-BF4B-00C04F79EFBC}") = "Orders.Contracts", "Contracts\Order.Contracts\Orders.Contracts.csproj", "{22CB999C-EDC4-DFF4-1AFE-4D1A3F948500}"
EndProject
Project("{FAE04EC0-301F-11D3-BF4B-00C04F79EFBC}") = "Products.Contracts", "Contracts\Products.Contracts\Products.Contracts.csproj", "{259DBF29-2A6C-2A4B-F841-47AAAC1F95DB}"
EndProject
Project("{FAE04EC0-301F-11D3-BF4B-00C04F79EFBC}") = "CoursePlatform.AppHost", "CoursePlatform.AppHost\CoursePlatform.AppHost.csproj", "{3BC27763-F802-4B65-BA5D-ACBBECB43E2B}"
EndProject
Project("{FAE04EC0-301F-11D3-BF4B-00C04F79EFBC}") = "CoursePlatform.ServiceDefaults", "CoursePlatform.ServiceDefaults\CoursePlatform.ServiceDefaults.csproj", "{2A1B7D7B-B920-E5B7-6944-0628AA9237E0}"
EndProject
Project("{FAE04EC0-301F-11D3-BF4B-00C04F79EFBC}") = "Application", "src\EnrollmentService\Application\Application.csproj", "{8C77BA16-DC1A-1E87-BA59-D1D77F233890}"
EndProject
Project("{FAE04EC0-301F-11D3-BF4B-00C04F79EFBC}") = "Domain", "src\EnrollmentService\Domain\Domain.csproj", "{F2B93E00-A14F-1F3D-42F4-01EE10A27549}"
EndProject
Project("{FAE04EC0-301F-11D3-BF4B-00C04F79EFBC}") = "Infrastructure", "src\EnrollmentService\Infrastructure\Infrastructure.csproj", "{D37167D5-27F8-0EE8-B946-2C8306738959}"
EndProject
Project("{FAE04EC0-301F-11D3-BF4B-00C04F79EFBC}") = "SharedKernel", "src\EnrollmentService\SharedKernel\SharedKernel.csproj", "{4AB2C0A2-97D0-8193-07D2-668F5B25118F}"
EndProject
Project("{FAE04EC0-301F-11D3-BF4B-00C04F79EFBC}") = "Enrollments.Api", "src\EnrollmentService\Web.Api\Enrollments.Api.csproj", "{A1FDEF69-0813-1470-0490-A0063AA2FE76}"
EndProject
Project("{FAE04EC0-301F-11D3-BF4B-00C04F79EFBC}") = "SharedKernel", "src\AuthService\SharedKernel\SharedKernel.csproj", "{31FF6020-8DE3-97C0-0960-DBE7856436BF}"
EndProject
Global
	GlobalSection(SolutionConfigurationPlatforms) = preSolution
		Debug|Any CPU = Debug|Any CPU
		Release|Any CPU = Release|Any CPU
	EndGlobalSection
	GlobalSection(ProjectConfigurationPlatforms) = postSolution
		{F2F9F129-020C-3FF9-C3D0-19D34A38F881}.Debug|Any CPU.ActiveCfg = Debug|Any CPU
		{F2F9F129-020C-3FF9-C3D0-19D34A38F881}.Debug|Any CPU.Build.0 = Debug|Any CPU
		{F2F9F129-020C-3FF9-C3D0-19D34A38F881}.Release|Any CPU.ActiveCfg = Release|Any CPU
		{F2F9F129-020C-3FF9-C3D0-19D34A38F881}.Release|Any CPU.Build.0 = Release|Any CPU
		{91AEAB4C-2C6A-6334-165B-411CCB33F5DA}.Debug|Any CPU.ActiveCfg = Debug|Any CPU
		{91AEAB4C-2C6A-6334-165B-411CCB33F5DA}.Debug|Any CPU.Build.0 = Debug|Any CPU
		{91AEAB4C-2C6A-6334-165B-411CCB33F5DA}.Release|Any CPU.ActiveCfg = Release|Any CPU
		{91AEAB4C-2C6A-6334-165B-411CCB33F5DA}.Release|Any CPU.Build.0 = Release|Any CPU
		{59996C4B-2D08-9EF9-77DA-FA7E8A06154D}.Debug|Any CPU.ActiveCfg = Debug|Any CPU
		{59996C4B-2D08-9EF9-77DA-FA7E8A06154D}.Debug|Any CPU.Build.0 = Debug|Any CPU
		{59996C4B-2D08-9EF9-77DA-FA7E8A06154D}.Release|Any CPU.ActiveCfg = Release|Any CPU
		{59996C4B-2D08-9EF9-77DA-FA7E8A06154D}.Release|Any CPU.Build.0 = Release|Any CPU
		{314E7410-80F7-28DB-D8B7-6BD1A3F093BC}.Debug|Any CPU.ActiveCfg = Debug|Any CPU
		{314E7410-80F7-28DB-D8B7-6BD1A3F093BC}.Debug|Any CPU.Build.0 = Debug|Any CPU
		{314E7410-80F7-28DB-D8B7-6BD1A3F093BC}.Release|Any CPU.ActiveCfg = Release|Any CPU
		{314E7410-80F7-28DB-D8B7-6BD1A3F093BC}.Release|Any CPU.Build.0 = Release|Any CPU
		{871C2BFB-84AD-EB42-11B5-11AD9082F18F}.Debug|Any CPU.ActiveCfg = Debug|Any CPU
		{871C2BFB-84AD-EB42-11B5-11AD9082F18F}.Debug|Any CPU.Build.0 = Debug|Any CPU
		{871C2BFB-84AD-EB42-11B5-11AD9082F18F}.Release|Any CPU.ActiveCfg = Release|Any CPU
		{871C2BFB-84AD-EB42-11B5-11AD9082F18F}.Release|Any CPU.Build.0 = Release|Any CPU
		{ED615909-3085-C0ED-BF44-0E9FF13FD697}.Debug|Any CPU.ActiveCfg = Debug|Any CPU
		{ED615909-3085-C0ED-BF44-0E9FF13FD697}.Debug|Any CPU.Build.0 = Debug|Any CPU
		{ED615909-3085-C0ED-BF44-0E9FF13FD697}.Release|Any CPU.ActiveCfg = Release|Any CPU
		{ED615909-3085-C0ED-BF44-0E9FF13FD697}.Release|Any CPU.Build.0 = Release|Any CPU
		{B2BA1AD8-5782-562C-3693-F9C90EB8E6DF}.Debug|Any CPU.ActiveCfg = Debug|Any CPU
		{B2BA1AD8-5782-562C-3693-F9C90EB8E6DF}.Debug|Any CPU.Build.0 = Debug|Any CPU
		{B2BA1AD8-5782-562C-3693-F9C90EB8E6DF}.Release|Any CPU.ActiveCfg = Release|Any CPU
		{B2BA1AD8-5782-562C-3693-F9C90EB8E6DF}.Release|Any CPU.Build.0 = Release|Any CPU
		{94C4D6D7-E8A8-3AAD-6E3E-AABF176150B0}.Debug|Any CPU.ActiveCfg = Debug|Any CPU
		{94C4D6D7-E8A8-3AAD-6E3E-AABF176150B0}.Debug|Any CPU.Build.0 = Debug|Any CPU
		{94C4D6D7-E8A8-3AAD-6E3E-AABF176150B0}.Release|Any CPU.ActiveCfg = Release|Any CPU
		{94C4D6D7-E8A8-3AAD-6E3E-AABF176150B0}.Release|Any CPU.Build.0 = Release|Any CPU
		{F3B9D7AD-BDE6-7FB0-C286-DF1E68E7B40B}.Debug|Any CPU.ActiveCfg = Debug|Any CPU
		{F3B9D7AD-BDE6-7FB0-C286-DF1E68E7B40B}.Debug|Any CPU.Build.0 = Debug|Any CPU
		{F3B9D7AD-BDE6-7FB0-C286-DF1E68E7B40B}.Release|Any CPU.ActiveCfg = Release|Any CPU
		{F3B9D7AD-BDE6-7FB0-C286-DF1E68E7B40B}.Release|Any CPU.Build.0 = Release|Any CPU
		{D166CA5E-7197-430C-D847-AB0A865D1FB3}.Debug|Any CPU.ActiveCfg = Debug|Any CPU
		{D166CA5E-7197-430C-D847-AB0A865D1FB3}.Debug|Any CPU.Build.0 = Debug|Any CPU
		{D166CA5E-7197-430C-D847-AB0A865D1FB3}.Release|Any CPU.ActiveCfg = Release|Any CPU
		{D166CA5E-7197-430C-D847-AB0A865D1FB3}.Release|Any CPU.Build.0 = Release|Any CPU
		{369CB90E-4AE7-990B-B4F4-35E83CEAF041}.Debug|Any CPU.ActiveCfg = Debug|Any CPU
		{369CB90E-4AE7-990B-B4F4-35E83CEAF041}.Debug|Any CPU.Build.0 = Debug|Any CPU
		{369CB90E-4AE7-990B-B4F4-35E83CEAF041}.Release|Any CPU.ActiveCfg = Release|Any CPU
		{369CB90E-4AE7-990B-B4F4-35E83CEAF041}.Release|Any CPU.Build.0 = Release|Any CPU
		{E0CAC32F-E3AD-2F1F-BA41-7B235C4EF544}.Debug|Any CPU.ActiveCfg = Debug|Any CPU
		{E0CAC32F-E3AD-2F1F-BA41-7B235C4EF544}.Debug|Any CPU.Build.0 = Debug|Any CPU
		{E0CAC32F-E3AD-2F1F-BA41-7B235C4EF544}.Release|Any CPU.ActiveCfg = Release|Any CPU
		{E0CAC32F-E3AD-2F1F-BA41-7B235C4EF544}.Release|Any CPU.Build.0 = Release|Any CPU
		{81FB36E6-D362-AAE8-4ECC-DAFD757B7810}.Debug|Any CPU.ActiveCfg = Debug|Any CPU
		{81FB36E6-D362-AAE8-4ECC-DAFD757B7810}.Debug|Any CPU.Build.0 = Debug|Any CPU
		{81FB36E6-D362-AAE8-4ECC-DAFD757B7810}.Release|Any CPU.ActiveCfg = Release|Any CPU
		{81FB36E6-D362-AAE8-4ECC-DAFD757B7810}.Release|Any CPU.Build.0 = Release|Any CPU
		{1E040889-9FF1-7393-73B1-0BB90EA67D74}.Debug|Any CPU.ActiveCfg = Debug|Any CPU
		{1E040889-9FF1-7393-73B1-0BB90EA67D74}.Debug|Any CPU.Build.0 = Debug|Any CPU
		{1E040889-9FF1-7393-73B1-0BB90EA67D74}.Release|Any CPU.ActiveCfg = Release|Any CPU
		{1E040889-9FF1-7393-73B1-0BB90EA67D74}.Release|Any CPU.Build.0 = Release|Any CPU
		{4EA33195-EF58-DAD8-30D9-4BB68A6A2754}.Debug|Any CPU.ActiveCfg = Debug|Any CPU
		{4EA33195-EF58-DAD8-30D9-4BB68A6A2754}.Debug|Any CPU.Build.0 = Debug|Any CPU
		{4EA33195-EF58-DAD8-30D9-4BB68A6A2754}.Release|Any CPU.ActiveCfg = Release|Any CPU
		{4EA33195-EF58-DAD8-30D9-4BB68A6A2754}.Release|Any CPU.Build.0 = Release|Any CPU
		{8CC4B9A1-CC10-0489-D739-2F50F274FA0B}.Debug|Any CPU.ActiveCfg = Debug|Any CPU
		{8CC4B9A1-CC10-0489-D739-2F50F274FA0B}.Debug|Any CPU.Build.0 = Debug|Any CPU
		{8CC4B9A1-CC10-0489-D739-2F50F274FA0B}.Release|Any CPU.ActiveCfg = Release|Any CPU
		{8CC4B9A1-CC10-0489-D739-2F50F274FA0B}.Release|Any CPU.Build.0 = Release|Any CPU
		{E9A34E25-8CD7-2356-4BBC-0FE4BD1BF217}.Debug|Any CPU.ActiveCfg = Debug|Any CPU
		{E9A34E25-8CD7-2356-4BBC-0FE4BD1BF217}.Debug|Any CPU.Build.0 = Debug|Any CPU
		{E9A34E25-8CD7-2356-4BBC-0FE4BD1BF217}.Release|Any CPU.ActiveCfg = Release|Any CPU
		{E9A34E25-8CD7-2356-4BBC-0FE4BD1BF217}.Release|Any CPU.Build.0 = Release|Any CPU
		{8CDCB8DD-4F41-A192-3BB9-F57F5B4FF36A}.Debug|Any CPU.ActiveCfg = Debug|Any CPU
		{8CDCB8DD-4F41-A192-3BB9-F57F5B4FF36A}.Debug|Any CPU.Build.0 = Debug|Any CPU
		{8CDCB8DD-4F41-A192-3BB9-F57F5B4FF36A}.Release|Any CPU.ActiveCfg = Release|Any CPU
		{8CDCB8DD-4F41-A192-3BB9-F57F5B4FF36A}.Release|Any CPU.Build.0 = Release|Any CPU
		{E42B72AA-2459-A2CC-D8C9-F1A9B57EFD42}.Debug|Any CPU.ActiveCfg = Debug|Any CPU
		{E42B72AA-2459-A2CC-D8C9-F1A9B57EFD42}.Debug|Any CPU.Build.0 = Debug|Any CPU
		{E42B72AA-2459-A2CC-D8C9-F1A9B57EFD42}.Release|Any CPU.ActiveCfg = Release|Any CPU
		{E42B72AA-2459-A2CC-D8C9-F1A9B57EFD42}.Release|Any CPU.Build.0 = Release|Any CPU
		{848F60CC-69CE-0283-8B20-94F31AF36470}.Debug|Any CPU.ActiveCfg = Debug|Any CPU
		{848F60CC-69CE-0283-8B20-94F31AF36470}.Debug|Any CPU.Build.0 = Debug|Any CPU
		{848F60CC-69CE-0283-8B20-94F31AF36470}.Release|Any CPU.ActiveCfg = Release|Any CPU
		{848F60CC-69CE-0283-8B20-94F31AF36470}.Release|Any CPU.Build.0 = Release|Any CPU
		{9BB86CC6-C758-7A8E-A27D-AE9604548B31}.Debug|Any CPU.ActiveCfg = Debug|Any CPU
		{9BB86CC6-C758-7A8E-A27D-AE9604548B31}.Debug|Any CPU.Build.0 = Debug|Any CPU
		{9BB86CC6-C758-7A8E-A27D-AE9604548B31}.Release|Any CPU.ActiveCfg = Release|Any CPU
		{9BB86CC6-C758-7A8E-A27D-AE9604548B31}.Release|Any CPU.Build.0 = Release|Any CPU
		{79CF8044-72BD-8FBA-E77B-05F5B2A49D20}.Debug|Any CPU.ActiveCfg = Debug|Any CPU
		{79CF8044-72BD-8FBA-E77B-05F5B2A49D20}.Debug|Any CPU.Build.0 = Debug|Any CPU
		{79CF8044-72BD-8FBA-E77B-05F5B2A49D20}.Release|Any CPU.ActiveCfg = Release|Any CPU
		{79CF8044-72BD-8FBA-E77B-05F5B2A49D20}.Release|Any CPU.Build.0 = Release|Any CPU
		{955E39DA-E825-0FBA-F513-B533FE15E151}.Debug|Any CPU.ActiveCfg = Debug|Any CPU
		{955E39DA-E825-0FBA-F513-B533FE15E151}.Debug|Any CPU.Build.0 = Debug|Any CPU
		{955E39DA-E825-0FBA-F513-B533FE15E151}.Release|Any CPU.ActiveCfg = Release|Any CPU
		{955E39DA-E825-0FBA-F513-B533FE15E151}.Release|Any CPU.Build.0 = Release|Any CPU
		{D7B05675-94D1-56F2-9E9B-8B799EE50167}.Debug|Any CPU.ActiveCfg = Debug|Any CPU
		{D7B05675-94D1-56F2-9E9B-8B799EE50167}.Debug|Any CPU.Build.0 = Debug|Any CPU
		{D7B05675-94D1-56F2-9E9B-8B799EE50167}.Release|Any CPU.ActiveCfg = Release|Any CPU
		{D7B05675-94D1-56F2-9E9B-8B799EE50167}.Release|Any CPU.Build.0 = Release|Any CPU
		{EEB04CC6-DC57-C09E-B21D-2AA78E04579D}.Debug|Any CPU.ActiveCfg = Debug|Any CPU
		{EEB04CC6-DC57-C09E-B21D-2AA78E04579D}.Debug|Any CPU.Build.0 = Debug|Any CPU
		{EEB04CC6-DC57-C09E-B21D-2AA78E04579D}.Release|Any CPU.ActiveCfg = Release|Any CPU
		{EEB04CC6-DC57-C09E-B21D-2AA78E04579D}.Release|Any CPU.Build.0 = Release|Any CPU
		{3A39D5FE-542F-2F23-486D-5D3BE46AB258}.Debug|Any CPU.ActiveCfg = Debug|Any CPU
		{3A39D5FE-542F-2F23-486D-5D3BE46AB258}.Debug|Any CPU.Build.0 = Debug|Any CPU
		{3A39D5FE-542F-2F23-486D-5D3BE46AB258}.Release|Any CPU.ActiveCfg = Release|Any CPU
		{3A39D5FE-542F-2F23-486D-5D3BE46AB258}.Release|Any CPU.Build.0 = Release|Any CPU
		{DCE11A36-F3D1-CEBA-3D8C-AFC68F9AD3D3}.Debug|Any CPU.ActiveCfg = Debug|Any CPU
		{DCE11A36-F3D1-CEBA-3D8C-AFC68F9AD3D3}.Debug|Any CPU.Build.0 = Debug|Any CPU
		{DCE11A36-F3D1-CEBA-3D8C-AFC68F9AD3D3}.Release|Any CPU.ActiveCfg = Release|Any CPU
		{DCE11A36-F3D1-CEBA-3D8C-AFC68F9AD3D3}.Release|Any CPU.Build.0 = Release|Any CPU
		{627546EF-A9B9-81BE-E885-00B3A79D242A}.Debug|Any CPU.ActiveCfg = Debug|Any CPU
		{627546EF-A9B9-81BE-E885-00B3A79D242A}.Debug|Any CPU.Build.0 = Debug|Any CPU
		{627546EF-A9B9-81BE-E885-00B3A79D242A}.Release|Any CPU.ActiveCfg = Release|Any CPU
		{627546EF-A9B9-81BE-E885-00B3A79D242A}.Release|Any CPU.Build.0 = Release|Any CPU
		{6D3DC097-CD86-72FA-3629-BED0331B408D}.Debug|Any CPU.ActiveCfg = Debug|Any CPU
		{6D3DC097-CD86-72FA-3629-BED0331B408D}.Debug|Any CPU.Build.0 = Debug|Any CPU
		{6D3DC097-CD86-72FA-3629-BED0331B408D}.Release|Any CPU.ActiveCfg = Release|Any CPU
		{6D3DC097-CD86-72FA-3629-BED0331B408D}.Release|Any CPU.Build.0 = Release|Any CPU
		{1416EAA2-B4C3-2BD2-CFE4-79ECD1B58DA6}.Debug|Any CPU.ActiveCfg = Debug|Any CPU
		{1416EAA2-B4C3-2BD2-CFE4-79ECD1B58DA6}.Debug|Any CPU.Build.0 = Debug|Any CPU
		{1416EAA2-B4C3-2BD2-CFE4-79ECD1B58DA6}.Release|Any CPU.ActiveCfg = Release|Any CPU
		{1416EAA2-B4C3-2BD2-CFE4-79ECD1B58DA6}.Release|Any CPU.Build.0 = Release|Any CPU
		{68342BE2-9CBD-C6D3-E931-1247BC33F8D4}.Debug|Any CPU.ActiveCfg = Debug|Any CPU
		{68342BE2-9CBD-C6D3-E931-1247BC33F8D4}.Debug|Any CPU.Build.0 = Debug|Any CPU
		{68342BE2-9CBD-C6D3-E931-1247BC33F8D4}.Release|Any CPU.ActiveCfg = Release|Any CPU
		{68342BE2-9CBD-C6D3-E931-1247BC33F8D4}.Release|Any CPU.Build.0 = Release|Any CPU
		{5E697E8B-3D42-B2BD-09B5-8BC61F5ACBFD}.Debug|Any CPU.ActiveCfg = Debug|Any CPU
		{5E697E8B-3D42-B2BD-09B5-8BC61F5ACBFD}.Debug|Any CPU.Build.0 = Debug|Any CPU
		{5E697E8B-3D42-B2BD-09B5-8BC61F5ACBFD}.Release|Any CPU.ActiveCfg = Release|Any CPU
		{5E697E8B-3D42-B2BD-09B5-8BC61F5ACBFD}.Release|Any CPU.Build.0 = Release|Any CPU
		{22CB999C-EDC4-DFF4-1AFE-4D1A3F948500}.Debug|Any CPU.ActiveCfg = Debug|Any CPU
		{22CB999C-EDC4-DFF4-1AFE-4D1A3F948500}.Debug|Any CPU.Build.0 = Debug|Any CPU
		{22CB999C-EDC4-DFF4-1AFE-4D1A3F948500}.Release|Any CPU.ActiveCfg = Release|Any CPU
		{22CB999C-EDC4-DFF4-1AFE-4D1A3F948500}.Release|Any CPU.Build.0 = Release|Any CPU
		{259DBF29-2A6C-2A4B-F841-47AAAC1F95DB}.Debug|Any CPU.ActiveCfg = Debug|Any CPU
		{259DBF29-2A6C-2A4B-F841-47AAAC1F95DB}.Debug|Any CPU.Build.0 = Debug|Any CPU
		{259DBF29-2A6C-2A4B-F841-47AAAC1F95DB}.Release|Any CPU.ActiveCfg = Release|Any CPU
		{259DBF29-2A6C-2A4B-F841-47AAAC1F95DB}.Release|Any CPU.Build.0 = Release|Any CPU
		{3BC27763-F802-4B65-BA5D-ACBBECB43E2B}.Debug|Any CPU.ActiveCfg = Debug|Any CPU
		{3BC27763-F802-4B65-BA5D-ACBBECB43E2B}.Debug|Any CPU.Build.0 = Debug|Any CPU
		{3BC27763-F802-4B65-BA5D-ACBBECB43E2B}.Release|Any CPU.ActiveCfg = Release|Any CPU
		{3BC27763-F802-4B65-BA5D-ACBBECB43E2B}.Release|Any CPU.Build.0 = Release|Any CPU
		{2A1B7D7B-B920-E5B7-6944-0628AA9237E0}.Debug|Any CPU.ActiveCfg = Debug|Any CPU
		{2A1B7D7B-B920-E5B7-6944-0628AA9237E0}.Debug|Any CPU.Build.0 = Debug|Any CPU
		{2A1B7D7B-B920-E5B7-6944-0628AA9237E0}.Release|Any CPU.ActiveCfg = Release|Any CPU
		{2A1B7D7B-B920-E5B7-6944-0628AA9237E0}.Release|Any CPU.Build.0 = Release|Any CPU
		{8C77BA16-DC1A-1E87-BA59-D1D77F233890}.Debug|Any CPU.ActiveCfg = Debug|Any CPU
		{8C77BA16-DC1A-1E87-BA59-D1D77F233890}.Debug|Any CPU.Build.0 = Debug|Any CPU
		{8C77BA16-DC1A-1E87-BA59-D1D77F233890}.Release|Any CPU.ActiveCfg = Release|Any CPU
		{8C77BA16-DC1A-1E87-BA59-D1D77F233890}.Release|Any CPU.Build.0 = Release|Any CPU
		{F2B93E00-A14F-1F3D-42F4-01EE10A27549}.Debug|Any CPU.ActiveCfg = Debug|Any CPU
		{F2B93E00-A14F-1F3D-42F4-01EE10A27549}.Debug|Any CPU.Build.0 = Debug|Any CPU
		{F2B93E00-A14F-1F3D-42F4-01EE10A27549}.Release|Any CPU.ActiveCfg = Release|Any CPU
		{F2B93E00-A14F-1F3D-42F4-01EE10A27549}.Release|Any CPU.Build.0 = Release|Any CPU
		{D37167D5-27F8-0EE8-B946-2C8306738959}.Debug|Any CPU.ActiveCfg = Debug|Any CPU
		{D37167D5-27F8-0EE8-B946-2C8306738959}.Debug|Any CPU.Build.0 = Debug|Any CPU
		{D37167D5-27F8-0EE8-B946-2C8306738959}.Release|Any CPU.ActiveCfg = Release|Any CPU
		{D37167D5-27F8-0EE8-B946-2C8306738959}.Release|Any CPU.Build.0 = Release|Any CPU
		{4AB2C0A2-97D0-8193-07D2-668F5B25118F}.Debug|Any CPU.ActiveCfg = Debug|Any CPU
		{4AB2C0A2-97D0-8193-07D2-668F5B25118F}.Debug|Any CPU.Build.0 = Debug|Any CPU
		{4AB2C0A2-97D0-8193-07D2-668F5B25118F}.Release|Any CPU.ActiveCfg = Release|Any CPU
		{4AB2C0A2-97D0-8193-07D2-668F5B25118F}.Release|Any CPU.Build.0 = Release|Any CPU
		{A1FDEF69-0813-1470-0490-A0063AA2FE76}.Debug|Any CPU.ActiveCfg = Debug|Any CPU
		{A1FDEF69-0813-1470-0490-A0063AA2FE76}.Debug|Any CPU.Build.0 = Debug|Any CPU
		{A1FDEF69-0813-1470-0490-A0063AA2FE76}.Release|Any CPU.ActiveCfg = Release|Any CPU
		{A1FDEF69-0813-1470-0490-A0063AA2FE76}.Release|Any CPU.Build.0 = Release|Any CPU
		{31FF6020-8DE3-97C0-0960-DBE7856436BF}.Debug|Any CPU.ActiveCfg = Debug|Any CPU
		{31FF6020-8DE3-97C0-0960-DBE7856436BF}.Debug|Any CPU.Build.0 = Debug|Any CPU
		{31FF6020-8DE3-97C0-0960-DBE7856436BF}.Release|Any CPU.ActiveCfg = Release|Any CPU
		{31FF6020-8DE3-97C0-0960-DBE7856436BF}.Release|Any CPU.Build.0 = Release|Any CPU
	EndGlobalSection
	GlobalSection(SolutionProperties) = preSolution
		HideSolutionNode = FALSE
	EndGlobalSection
	GlobalSection(NestedProjects) = preSolution
		{D9312C33-055F-423A-8182-C16942F5E094} = {02EA681E-C7D8-13C7-8484-4AC65E1B71E8}
		{0597FC0A-755C-41DA-A39D-FAD52273C2AE} = {02EA681E-C7D8-13C7-8484-4AC65E1B71E8}
		{0CB210CC-780B-4A5F-B252-B210D78F998F} = {02EA681E-C7D8-13C7-8484-4AC65E1B71E8}
		{610A7F72-10FD-4C42-A954-24FC635BEB84} = {02EA681E-C7D8-13C7-8484-4AC65E1B71E8}
		{92BBC18D-1C67-41DF-8B77-BA7CE1691FCC} = {02EA681E-C7D8-13C7-8484-4AC65E1B71E8}
		{B857CB67-1D98-482C-A80E-CAE3F061D536} = {02EA681E-C7D8-13C7-8484-4AC65E1B71E8}
		{F2F9F129-020C-3FF9-C3D0-19D34A38F881} = {92BBC18D-1C67-41DF-8B77-BA7CE1691FCC}
		{91AEAB4C-2C6A-6334-165B-411CCB33F5DA} = {92BBC18D-1C67-41DF-8B77-BA7CE1691FCC}
		{59996C4B-2D08-9EF9-77DA-FA7E8A06154D} = {92BBC18D-1C67-41DF-8B77-BA7CE1691FCC}
		{314E7410-80F7-28DB-D8B7-6BD1A3F093BC} = {92BBC18D-1C67-41DF-8B77-BA7CE1691FCC}
		{871C2BFB-84AD-EB42-11B5-11AD9082F18F} = {92BBC18D-1C67-41DF-8B77-BA7CE1691FCC}
		{ED615909-3085-C0ED-BF44-0E9FF13FD697} = {3E4914A7-2AC0-463F-914E-44E8413B2641}
		{B2BA1AD8-5782-562C-3693-F9C90EB8E6DF} = {3E4914A7-2AC0-463F-914E-44E8413B2641}
		{94C4D6D7-E8A8-3AAD-6E3E-AABF176150B0} = {3E4914A7-2AC0-463F-914E-44E8413B2641}
		{F3B9D7AD-BDE6-7FB0-C286-DF1E68E7B40B} = {B857CB67-1D98-482C-A80E-CAE3F061D536}
		{D166CA5E-7197-430C-D847-AB0A865D1FB3} = {B857CB67-1D98-482C-A80E-CAE3F061D536}
		{369CB90E-4AE7-990B-B4F4-35E83CEAF041} = {D9312C33-055F-423A-8182-C16942F5E094}
		{E0CAC32F-E3AD-2F1F-BA41-7B235C4EF544} = {D9312C33-055F-423A-8182-C16942F5E094}
		{81FB36E6-D362-AAE8-4ECC-DAFD757B7810} = {D9312C33-055F-423A-8182-C16942F5E094}
		{1E040889-9FF1-7393-73B1-0BB90EA67D74} = {D9312C33-055F-423A-8182-C16942F5E094}
		{4EA33195-EF58-DAD8-30D9-4BB68A6A2754} = {D9312C33-055F-423A-8182-C16942F5E094}
		{AB286A22-48D2-4C8C-B604-9268525B888C} = {D9312C33-055F-423A-8182-C16942F5E094}
		{8CC4B9A1-CC10-0489-D739-2F50F274FA0B} = {AB286A22-48D2-4C8C-B604-9268525B888C}
		{E9A34E25-8CD7-2356-4BBC-0FE4BD1BF217} = {AB286A22-48D2-4C8C-B604-9268525B888C}
		{139E2FC4-8D9C-4805-A2DA-BE5976724CD0} = {92BBC18D-1C67-41DF-8B77-BA7CE1691FCC}
		{8CDCB8DD-4F41-A192-3BB9-F57F5B4FF36A} = {139E2FC4-8D9C-4805-A2DA-BE5976724CD0}
		{E42B72AA-2459-A2CC-D8C9-F1A9B57EFD42} = {139E2FC4-8D9C-4805-A2DA-BE5976724CD0}
		{848F60CC-69CE-0283-8B20-94F31AF36470} = {139E2FC4-8D9C-4805-A2DA-BE5976724CD0}
		{9BB86CC6-C758-7A8E-A27D-AE9604548B31} = {139E2FC4-8D9C-4805-A2DA-BE5976724CD0}
		{79CF8044-72BD-8FBA-E77B-05F5B2A49D20} = {610A7F72-10FD-4C42-A954-24FC635BEB84}
		{955E39DA-E825-0FBA-F513-B533FE15E151} = {610A7F72-10FD-4C42-A954-24FC635BEB84}
		{D7B05675-94D1-56F2-9E9B-8B799EE50167} = {610A7F72-10FD-4C42-A954-24FC635BEB84}
		{EEB04CC6-DC57-C09E-B21D-2AA78E04579D} = {610A7F72-10FD-4C42-A954-24FC635BEB84}
		{3A39D5FE-542F-2F23-486D-5D3BE46AB258} = {610A7F72-10FD-4C42-A954-24FC635BEB84}
		{16C17E0F-49A5-4C6E-BBE6-41E09560D1D3} = {610A7F72-10FD-4C42-A954-24FC635BEB84}
		{DCE11A36-F3D1-CEBA-3D8C-AFC68F9AD3D3} = {16C17E0F-49A5-4C6E-BBE6-41E09560D1D3}
		{627546EF-A9B9-81BE-E885-00B3A79D242A} = {0597FC0A-755C-41DA-A39D-FAD52273C2AE}
		{6D3DC097-CD86-72FA-3629-BED0331B408D} = {0597FC0A-755C-41DA-A39D-FAD52273C2AE}
		{1416EAA2-B4C3-2BD2-CFE4-79ECD1B58DA6} = {0597FC0A-755C-41DA-A39D-FAD52273C2AE}
		{68342BE2-9CBD-C6D3-E931-1247BC33F8D4} = {0597FC0A-755C-41DA-A39D-FAD52273C2AE}
		{FC4A8959-F87D-4E08-A6D1-EB25AB76B070} = {0597FC0A-755C-41DA-A39D-FAD52273C2AE}
		{5E697E8B-3D42-B2BD-09B5-8BC61F5ACBFD} = {3E4914A7-2AC0-463F-914E-44E8413B2641}
		{22CB999C-EDC4-DFF4-1AFE-4D1A3F948500} = {3E4914A7-2AC0-463F-914E-44E8413B2641}
		{259DBF29-2A6C-2A4B-F841-47AAAC1F95DB} = {3E4914A7-2AC0-463F-914E-44E8413B2641}
		{8C77BA16-DC1A-1E87-BA59-D1D77F233890} = {0CB210CC-780B-4A5F-B252-B210D78F998F}
		{F2B93E00-A14F-1F3D-42F4-01EE10A27549} = {0CB210CC-780B-4A5F-B252-B210D78F998F}
		{D37167D5-27F8-0EE8-B946-2C8306738959} = {0CB210CC-780B-4A5F-B252-B210D78F998F}
		{4AB2C0A2-97D0-8193-07D2-668F5B25118F} = {0CB210CC-780B-4A5F-B252-B210D78F998F}
		{A1FDEF69-0813-1470-0490-A0063AA2FE76} = {0CB210CC-780B-4A5F-B252-B210D78F998F}
		{31FF6020-8DE3-97C0-0960-DBE7856436BF} = {0597FC0A-755C-41DA-A39D-FAD52273C2AE}
	EndGlobalSection
	GlobalSection(ExtensibilityGlobals) = postSolution
		SolutionGuid = {A9DB79B1-93CC-4F9E-B232-9AB7C522E5A2}
	EndGlobalSection
EndGlobal
