
Microsoft Visual Studio Solution File, Format Version 12.00
# Visual Studio Version 17
VisualStudioVersion = 17.5.2.0
MinimumVisualStudioVersion = 10.0.40219.1
Project("{FAE04EC0-301F-11D3-BF4B-00C04F79EFBC}") = "UserService", "UserService.csproj", "{3B98574C-C3D9-E5A0-8677-20729192D278}"
EndProject
Project("{2150E333-8FDC-42A3-9474-1A3956D46DE8}") = "Src", "Src", "{02EA681E-C7D8-13C7-8484-4AC65E1B71E8}"
EndProject
Project("{2150E333-8FDC-42A3-9474-1A3956D46DE8}") = "Tests", "Tests", "{0A0F816B-F2B9-4C70-AA5B-08644CD1998D}"
EndProject
Project("{FAE04EC0-301F-11D3-BF4B-00C04F79EFBC}") = "Domain", "Src\Domain\Domain.csproj", "{C81CD2DD-58F0-4D5C-8E19-F462EBCABC00}"
EndProject
Project("{FAE04EC0-301F-11D3-BF4B-00C04F79EFBC}") = "Application", "Src\Application\Application.csproj", "{A2011D58-FBC4-443A-BD41-0C12091ED8DC}"
EndProject
Project("{FAE04EC0-301F-11D3-BF4B-00C04F79EFBC}") = "Infrastructure", "Src\Infrastructure\Infrastructure.csproj", "{D3B52B81-C8E4-4D0B-936F-64ED1A5E50AD}"
EndProject
Project("{FAE04EC0-301F-11D3-BF4B-00C04F79EFBC}") = "Web.Api", "Src\Web.Api\Web.Api.csproj", "{317BC344-849F-472A-A65D-0F689814EE74}"
EndProject
Project("{2150E333-8FDC-42A3-9474-1A3956D46DE8}") = "Contracts", "Contracts", "{DCF4B8BD-B572-4687-A7DF-33448C62A16F}"
EndProject
Project("{FAE04EC0-301F-11D3-BF4B-00C04F79EFBC}") = "Kernel", "..\Shared\Kernel\Kernel.csproj", "{D008FEDC-3A15-CC64-7B20-E5D946E578E7}"
EndProject
Global
	GlobalSection(SolutionConfigurationPlatforms) = preSolution
		Debug|Any CPU = Debug|Any CPU
		Release|Any CPU = Release|Any CPU
	EndGlobalSection
	GlobalSection(ProjectConfigurationPlatforms) = postSolution
		{3B98574C-C3D9-E5A0-8677-20729192D278}.Debug|Any CPU.ActiveCfg = Debug|Any CPU
		{3B98574C-C3D9-E5A0-8677-20729192D278}.Debug|Any CPU.Build.0 = Debug|Any CPU
		{3B98574C-C3D9-E5A0-8677-20729192D278}.Release|Any CPU.ActiveCfg = Release|Any CPU
		{3B98574C-C3D9-E5A0-8677-20729192D278}.Release|Any CPU.Build.0 = Release|Any CPU
		{C81CD2DD-58F0-4D5C-8E19-F462EBCABC00}.Debug|Any CPU.ActiveCfg = Debug|Any CPU
		{C81CD2DD-58F0-4D5C-8E19-F462EBCABC00}.Debug|Any CPU.Build.0 = Debug|Any CPU
		{C81CD2DD-58F0-4D5C-8E19-F462EBCABC00}.Release|Any CPU.ActiveCfg = Release|Any CPU
		{C81CD2DD-58F0-4D5C-8E19-F462EBCABC00}.Release|Any CPU.Build.0 = Release|Any CPU
		{A2011D58-FBC4-443A-BD41-0C12091ED8DC}.Debug|Any CPU.ActiveCfg = Debug|Any CPU
		{A2011D58-FBC4-443A-BD41-0C12091ED8DC}.Debug|Any CPU.Build.0 = Debug|Any CPU
		{A2011D58-FBC4-443A-BD41-0C12091ED8DC}.Release|Any CPU.ActiveCfg = Release|Any CPU
		{A2011D58-FBC4-443A-BD41-0C12091ED8DC}.Release|Any CPU.Build.0 = Release|Any CPU
		{D3B52B81-C8E4-4D0B-936F-64ED1A5E50AD}.Debug|Any CPU.ActiveCfg = Debug|Any CPU
		{D3B52B81-C8E4-4D0B-936F-64ED1A5E50AD}.Debug|Any CPU.Build.0 = Debug|Any CPU
		{D3B52B81-C8E4-4D0B-936F-64ED1A5E50AD}.Release|Any CPU.ActiveCfg = Release|Any CPU
		{D3B52B81-C8E4-4D0B-936F-64ED1A5E50AD}.Release|Any CPU.Build.0 = Release|Any CPU
		{317BC344-849F-472A-A65D-0F689814EE74}.Debug|Any CPU.ActiveCfg = Debug|Any CPU
		{317BC344-849F-472A-A65D-0F689814EE74}.Debug|Any CPU.Build.0 = Debug|Any CPU
		{317BC344-849F-472A-A65D-0F689814EE74}.Release|Any CPU.ActiveCfg = Release|Any CPU
		{317BC344-849F-472A-A65D-0F689814EE74}.Release|Any CPU.Build.0 = Release|Any CPU
		{D008FEDC-3A15-CC64-7B20-E5D946E578E7}.Debug|Any CPU.ActiveCfg = Debug|Any CPU
		{D008FEDC-3A15-CC64-7B20-E5D946E578E7}.Debug|Any CPU.Build.0 = Debug|Any CPU
		{D008FEDC-3A15-CC64-7B20-E5D946E578E7}.Release|Any CPU.ActiveCfg = Release|Any CPU
		{D008FEDC-3A15-CC64-7B20-E5D946E578E7}.Release|Any CPU.Build.0 = Release|Any CPU
	EndGlobalSection
	GlobalSection(SolutionProperties) = preSolution
		HideSolutionNode = FALSE
	EndGlobalSection
	GlobalSection(NestedProjects) = preSolution
		{C81CD2DD-58F0-4D5C-8E19-F462EBCABC00} = {02EA681E-C7D8-13C7-8484-4AC65E1B71E8}
		{A2011D58-FBC4-443A-BD41-0C12091ED8DC} = {02EA681E-C7D8-13C7-8484-4AC65E1B71E8}
		{D3B52B81-C8E4-4D0B-936F-64ED1A5E50AD} = {02EA681E-C7D8-13C7-8484-4AC65E1B71E8}
		{317BC344-849F-472A-A65D-0F689814EE74} = {02EA681E-C7D8-13C7-8484-4AC65E1B71E8}
	EndGlobalSection
	GlobalSection(ExtensibilityGlobals) = postSolution
		SolutionGuid = {EB8E2515-3638-47F1-9366-E5537AE6C4AF}
	EndGlobalSection
EndGlobal
