
Microsoft Visual Studio Solution File, Format Version 12.00
# Visual Studio Version 17
VisualStudioVersion = 17.13.35806.99 d17.13
MinimumVisualStudioVersion = 10.0.40219.1
Project("{FAE04EC0-301F-11D3-BF4B-00C04F79EFBC}") = "Application.UnitTests", "Application.UnitTests\Application.UnitTests.csproj", "{80171F9F-5DD2-4A36-BAB4-373500579F24}"
EndProject
Global
	GlobalSection(SolutionConfigurationPlatforms) = preSolution
		Debug|Any CPU = Debug|Any CPU
		Release|Any CPU = Release|Any CPU
	EndGlobalSection
	GlobalSection(ProjectConfigurationPlatforms) = postSolution
		{80171F9F-5DD2-4A36-BAB4-373500579F24}.Debug|Any CPU.ActiveCfg = Debug|Any CPU
		{80171F9F-5DD2-4A36-BAB4-373500579F24}.Debug|Any CPU.Build.0 = Debug|Any CPU
		{80171F9F-5DD2-4A36-BAB4-373500579F24}.Release|Any CPU.ActiveCfg = Release|Any CPU
		{80171F9F-5DD2-4A36-BAB4-373500579F24}.Release|Any CPU.Build.0 = Release|Any CPU
	EndGlobalSection
	GlobalSection(SolutionProperties) = preSolution
		HideSolutionNode = FALSE
	EndGlobalSection
	GlobalSection(ExtensibilityGlobals) = postSolution
		SolutionGuid = {34AAC721-09E4-42CF-B6BC-D8FE69B79CA2}
	EndGlobalSection
EndGlobal
