Microsoft Visual Studio Solution File, Format Version 12.00
# Visual Studio Version 17
VisualStudioVersion = 17.5.2.0
MinimumVisualStudioVersion = 10.0.40219.1
Project("{2150E333-8FDC-42A3-9474-1A3956D46DE8}") = "Contracts", "Contracts", "{02EA681E-C7D8-13C7-8484-4AC65E1B71E8}"
EndProject
Project("{FAE04EC0-301F-11D3-BF4B-00C04F79EFBC}") = "Users.Contracts", "..\..\Contracts\Users.Contracts\Users.Contracts.csproj", "{C3F3579D-FB6E-7806-0B70-5AE87B024CE0}"
EndProject
Project("{FAE04EC0-301F-11D3-BF4B-00C04F79EFBC}") = "Auth.Contracts", "..\..\Contracts\Auth.Contracts\Auth.Contracts.csproj", "{83D81133-8394-BC74-DF46-64F8851EBD74}"
EndProject
Project("{2150E333-8FDC-42A3-9474-1A3956D46DE8}") = "Src", "Src", "{551296CB-30AA-4C9A-BE29-209106658EE8}"
EndProject
Project("{FAE04EC0-301F-11D3-BF4B-00C04F79EFBC}") = "Domain", "Domain\Domain.csproj", "{9F6E8B47-2CBF-4901-9F2F-882F2585798B}"
EndProject
Project("{FAE04EC0-301F-11D3-BF4B-00C04F79EFBC}") = "Application", "Application\Application.csproj", "{4717FD6C-36ED-4273-B297-B4E891112996}"
EndProject
Project("{FAE04EC0-301F-11D3-BF4B-00C04F79EFBC}") = "Infrastructure", "Infrastructure\Infrastructure.csproj", "{6F7AD481-AC15-40C0-8462-2F6241B0A59F}"
EndProject
Project("{FAE04EC0-301F-11D3-BF4B-00C04F79EFBC}") = "Web.Api", "Web.Api\Web.Api.csproj", "{EE556BA4-0D12-4C4E-9436-98B79DE2A558}"
EndProject
Project("{FAE04EC0-301F-11D3-BF4B-00C04F79EFBC}") = "SharedKernel", "SharedKernel\SharedKernel.csproj", "{C88900FE-66AE-4E87-9B5F-E6549801CB86}"
EndProject
Project("{FAE04EC0-301F-11D3-BF4B-00C04F79EFBC}") = "Kernel", "..\Shared\Kernel\Kernel.csproj", "{D008FEDC-3A15-CC64-7B20-E5D946E578E7}"
EndProject
Global
	GlobalSection(SolutionConfigurationPlatforms) = preSolution
		Debug|Any CPU = Debug|Any CPU
		Release|Any CPU = Release|Any CPU
	EndGlobalSection
	GlobalSection(ProjectConfigurationPlatforms) = postSolution
		{C3F3579D-FB6E-7806-0B70-5AE87B024CE0}.Debug|Any CPU.ActiveCfg = Debug|Any CPU
		{C3F3579D-FB6E-7806-0B70-5AE87B024CE0}.Debug|Any CPU.Build.0 = Debug|Any CPU
		{C3F3579D-FB6E-7806-0B70-5AE87B024CE0}.Release|Any CPU.ActiveCfg = Release|Any CPU
		{C3F3579D-FB6E-7806-0B70-5AE87B024CE0}.Release|Any CPU.Build.0 = Release|Any CPU
		{83D81133-8394-BC74-DF46-64F8851EBD74}.Debug|Any CPU.ActiveCfg = Debug|Any CPU
		{83D81133-8394-BC74-DF46-64F8851EBD74}.Debug|Any CPU.Build.0 = Debug|Any CPU
		{83D81133-8394-BC74-DF46-64F8851EBD74}.Release|Any CPU.ActiveCfg = Release|Any CPU
		{83D81133-8394-BC74-DF46-64F8851EBD74}.Release|Any CPU.Build.0 = Release|Any CPU
		{9F6E8B47-2CBF-4901-9F2F-882F2585798B}.Debug|Any CPU.ActiveCfg = Debug|Any CPU
		{9F6E8B47-2CBF-4901-9F2F-882F2585798B}.Debug|Any CPU.Build.0 = Debug|Any CPU
		{9F6E8B47-2CBF-4901-9F2F-882F2585798B}.Release|Any CPU.ActiveCfg = Release|Any CPU
		{9F6E8B47-2CBF-4901-9F2F-882F2585798B}.Release|Any CPU.Build.0 = Release|Any CPU
		{4717FD6C-36ED-4273-B297-B4E891112996}.Debug|Any CPU.ActiveCfg = Debug|Any CPU
		{4717FD6C-36ED-4273-B297-B4E891112996}.Debug|Any CPU.Build.0 = Debug|Any CPU
		{4717FD6C-36ED-4273-B297-B4E891112996}.Release|Any CPU.ActiveCfg = Release|Any CPU
		{4717FD6C-36ED-4273-B297-B4E891112996}.Release|Any CPU.Build.0 = Release|Any CPU
		{6F7AD481-AC15-40C0-8462-2F6241B0A59F}.Debug|Any CPU.ActiveCfg = Debug|Any CPU
		{6F7AD481-AC15-40C0-8462-2F6241B0A59F}.Debug|Any CPU.Build.0 = Debug|Any CPU
		{6F7AD481-AC15-40C0-8462-2F6241B0A59F}.Release|Any CPU.ActiveCfg = Release|Any CPU
		{6F7AD481-AC15-40C0-8462-2F6241B0A59F}.Release|Any CPU.Build.0 = Release|Any CPU
		{EE556BA4-0D12-4C4E-9436-98B79DE2A558}.Debug|Any CPU.ActiveCfg = Debug|Any CPU
		{EE556BA4-0D12-4C4E-9436-98B79DE2A558}.Debug|Any CPU.Build.0 = Debug|Any CPU
		{EE556BA4-0D12-4C4E-9436-98B79DE2A558}.Release|Any CPU.ActiveCfg = Release|Any CPU
		{EE556BA4-0D12-4C4E-9436-98B79DE2A558}.Release|Any CPU.Build.0 = Release|Any CPU
		{C88900FE-66AE-4E87-9B5F-E6549801CB86}.Debug|Any CPU.ActiveCfg = Debug|Any CPU
		{C88900FE-66AE-4E87-9B5F-E6549801CB86}.Debug|Any CPU.Build.0 = Debug|Any CPU
		{C88900FE-66AE-4E87-9B5F-E6549801CB86}.Release|Any CPU.ActiveCfg = Release|Any CPU
		{C88900FE-66AE-4E87-9B5F-E6549801CB86}.Release|Any CPU.Build.0 = Release|Any CPU
		{D008FEDC-3A15-CC64-7B20-E5D946E578E7}.Debug|Any CPU.ActiveCfg = Debug|Any CPU
		{D008FEDC-3A15-CC64-7B20-E5D946E578E7}.Debug|Any CPU.Build.0 = Debug|Any CPU
		{D008FEDC-3A15-CC64-7B20-E5D946E578E7}.Release|Any CPU.ActiveCfg = Release|Any CPU
		{D008FEDC-3A15-CC64-7B20-E5D946E578E7}.Release|Any CPU.Build.0 = Release|Any CPU
	EndGlobalSection
	GlobalSection(SolutionProperties) = preSolution
		HideSolutionNode = FALSE
	EndGlobalSection
	GlobalSection(NestedProjects) = preSolution
		{C3F3579D-FB6E-7806-0B70-5AE87B024CE0} = {02EA681E-C7D8-13C7-8484-4AC65E1B71E8}
		{83D81133-8394-BC74-DF46-64F8851EBD74} = {02EA681E-C7D8-13C7-8484-4AC65E1B71E8}
		{9F6E8B47-2CBF-4901-9F2F-882F2585798B} = {551296CB-30AA-4C9A-BE29-209106658EE8}
		{4717FD6C-36ED-4273-B297-B4E891112996} = {551296CB-30AA-4C9A-BE29-209106658EE8}
		{6F7AD481-AC15-40C0-8462-2F6241B0A59F} = {551296CB-30AA-4C9A-BE29-209106658EE8}
		{EE556BA4-0D12-4C4E-9436-98B79DE2A558} = {551296CB-30AA-4C9A-BE29-209106658EE8}
		{C88900FE-66AE-4E87-9B5F-E6549801CB86} = {551296CB-30AA-4C9A-BE29-209106658EE8}
	EndGlobalSection
	GlobalSection(ExtensibilityGlobals) = postSolution
		SolutionGuid = {2EBB0DF8-6F70-4964-9627-2D91E193AA6F}
	EndGlobalSection
EndGlobal
