
Microsoft Visual Studio Solution File, Format Version 12.00
# Visual Studio Version 17
VisualStudioVersion = 17.5.2.0
MinimumVisualStudioVersion = 10.0.40219.1
Project("{2150E333-8FDC-42A3-9474-1A3956D46DE8}") = "Contracts", "Contracts", "{02EA681E-C7D8-13C7-8484-4AC65E1B71E8}"
EndProject
Project("{FAE04EC0-301F-11D3-BF4B-00C04F79EFBC}") = "Users.Contracts", "..\..\Contracts\Users.Contracts\Users.Contracts.csproj", "{C3F3579D-FB6E-7806-0B70-5AE87B024CE0}"
EndProject
Project("{FAE04EC0-301F-11D3-BF4B-00C04F79EFBC}") = "Auth.Contracts", "..\..\Contracts\Auth.Contracts\Auth.Contracts.csproj", "{83D81133-8394-BC74-DF46-64F8851EBD74}"
EndProject
Project("{2150E333-8FDC-42A3-9474-1A3956D46DE8}") = "Src", "Src", "{551296CB-30AA-4C9A-BE29-209106658EE8}"
EndProject
Project("{FAE04EC0-301F-11D3-BF4B-00C04F79EFBC}") = "Domain", "Domain\Domain.csproj", "{9F6E8B47-2CBF-4901-9F2F-882F2585798B}"
EndProject
Project("{FAE04EC0-301F-11D3-BF4B-00C04F79EFBC}") = "Application", "Application\Application.csproj", "{4717FD6C-36ED-4273-B297-B4E891112996}"
EndProject
Project("{FAE04EC0-301F-11D3-BF4B-00C04F79EFBC}") = "Infrastructure", "Infrastructure\Infrastructure.csproj", "{6F7AD481-AC15-40C0-8462-2F6241B0A59F}"
EndProject
Project("{FAE04EC0-301F-11D3-BF4B-00C04F79EFBC}") = "SharedKernel", "SharedKernel\SharedKernel.csproj", "{C88900FE-66AE-4E87-9B5F-E6549801CB86}"
EndProject
Project("{FAE04EC0-301F-11D3-BF4B-00C04F79EFBC}") = "Kernel", "..\Shared\Kernel\Kernel.csproj", "{D008FEDC-3A15-CC64-7B20-E5D946E578E7}"
EndProject
Project("{2150E333-8FDC-42A3-9474-1A3956D46DE8}") = "Tests", "Tests", "{0AB3BF05-4346-4AA6-1389-037BE0695223}"
EndProject
Project("{FAE04EC0-301F-11D3-BF4B-00C04F79EFBC}") = "Infrastructure.UnitTests", "Tests\Infrastructure.UnitTests\Infrastructure.UnitTests.csproj", "{9C151B04-5592-4029-BFDC-0CFAB420C30F}"
EndProject
Project("{FAE04EC0-301F-11D3-BF4B-00C04F79EFBC}") = "Infrastructure.IntegrationTests", "Tests\Infrastructure.IntegrationTests\Infrastructure.IntegrationTests.csproj", "{8189836B-D0F1-4FB4-A994-6ACB9DC2FF36}"
EndProject
Project("{2150E333-8FDC-42A3-9474-1A3956D46DE8}") = "Web.Api", "Web.Api", "{360B924C-175E-116F-0CE6-D2F1B62BE906}"
EndProject
Project("{FAE04EC0-301F-11D3-BF4B-00C04F79EFBC}") = "Auth.Api", "Web.Api\Auth.Api.csproj", "{ABA11B06-9A71-4871-BE8F-FD7896E97B39}"
EndProject
Global
	GlobalSection(SolutionConfigurationPlatforms) = preSolution
		Debug|Any CPU = Debug|Any CPU
		Debug|x64 = Debug|x64
		Debug|x86 = Debug|x86
		Release|Any CPU = Release|Any CPU
		Release|x64 = Release|x64
		Release|x86 = Release|x86
	EndGlobalSection
	GlobalSection(ProjectConfigurationPlatforms) = postSolution
		{C3F3579D-FB6E-7806-0B70-5AE87B024CE0}.Debug|Any CPU.ActiveCfg = Debug|Any CPU
		{C3F3579D-FB6E-7806-0B70-5AE87B024CE0}.Debug|Any CPU.Build.0 = Debug|Any CPU
		{C3F3579D-FB6E-7806-0B70-5AE87B024CE0}.Debug|x64.ActiveCfg = Debug|Any CPU
		{C3F3579D-FB6E-7806-0B70-5AE87B024CE0}.Debug|x64.Build.0 = Debug|Any CPU
		{C3F3579D-FB6E-7806-0B70-5AE87B024CE0}.Debug|x86.ActiveCfg = Debug|Any CPU
		{C3F3579D-FB6E-7806-0B70-5AE87B024CE0}.Debug|x86.Build.0 = Debug|Any CPU
		{C3F3579D-FB6E-7806-0B70-5AE87B024CE0}.Release|Any CPU.ActiveCfg = Release|Any CPU
		{C3F3579D-FB6E-7806-0B70-5AE87B024CE0}.Release|Any CPU.Build.0 = Release|Any CPU
		{C3F3579D-FB6E-7806-0B70-5AE87B024CE0}.Release|x64.ActiveCfg = Release|Any CPU
		{C3F3579D-FB6E-7806-0B70-5AE87B024CE0}.Release|x64.Build.0 = Release|Any CPU
		{C3F3579D-FB6E-7806-0B70-5AE87B024CE0}.Release|x86.ActiveCfg = Release|Any CPU
		{C3F3579D-FB6E-7806-0B70-5AE87B024CE0}.Release|x86.Build.0 = Release|Any CPU
		{83D81133-8394-BC74-DF46-64F8851EBD74}.Debug|Any CPU.ActiveCfg = Debug|Any CPU
		{83D81133-8394-BC74-DF46-64F8851EBD74}.Debug|Any CPU.Build.0 = Debug|Any CPU
		{83D81133-8394-BC74-DF46-64F8851EBD74}.Debug|x64.ActiveCfg = Debug|Any CPU
		{83D81133-8394-BC74-DF46-64F8851EBD74}.Debug|x64.Build.0 = Debug|Any CPU
		{83D81133-8394-BC74-DF46-64F8851EBD74}.Debug|x86.ActiveCfg = Debug|Any CPU
		{83D81133-8394-BC74-DF46-64F8851EBD74}.Debug|x86.Build.0 = Debug|Any CPU
		{83D81133-8394-BC74-DF46-64F8851EBD74}.Release|Any CPU.ActiveCfg = Release|Any CPU
		{83D81133-8394-BC74-DF46-64F8851EBD74}.Release|Any CPU.Build.0 = Release|Any CPU
		{83D81133-8394-BC74-DF46-64F8851EBD74}.Release|x64.ActiveCfg = Release|Any CPU
		{83D81133-8394-BC74-DF46-64F8851EBD74}.Release|x64.Build.0 = Release|Any CPU
		{83D81133-8394-BC74-DF46-64F8851EBD74}.Release|x86.ActiveCfg = Release|Any CPU
		{83D81133-8394-BC74-DF46-64F8851EBD74}.Release|x86.Build.0 = Release|Any CPU
		{9F6E8B47-2CBF-4901-9F2F-882F2585798B}.Debug|Any CPU.ActiveCfg = Debug|Any CPU
		{9F6E8B47-2CBF-4901-9F2F-882F2585798B}.Debug|Any CPU.Build.0 = Debug|Any CPU
		{9F6E8B47-2CBF-4901-9F2F-882F2585798B}.Debug|x64.ActiveCfg = Debug|Any CPU
		{9F6E8B47-2CBF-4901-9F2F-882F2585798B}.Debug|x64.Build.0 = Debug|Any CPU
		{9F6E8B47-2CBF-4901-9F2F-882F2585798B}.Debug|x86.ActiveCfg = Debug|Any CPU
		{9F6E8B47-2CBF-4901-9F2F-882F2585798B}.Debug|x86.Build.0 = Debug|Any CPU
		{9F6E8B47-2CBF-4901-9F2F-882F2585798B}.Release|Any CPU.ActiveCfg = Release|Any CPU
		{9F6E8B47-2CBF-4901-9F2F-882F2585798B}.Release|Any CPU.Build.0 = Release|Any CPU
		{9F6E8B47-2CBF-4901-9F2F-882F2585798B}.Release|x64.ActiveCfg = Release|Any CPU
		{9F6E8B47-2CBF-4901-9F2F-882F2585798B}.Release|x64.Build.0 = Release|Any CPU
		{9F6E8B47-2CBF-4901-9F2F-882F2585798B}.Release|x86.ActiveCfg = Release|Any CPU
		{9F6E8B47-2CBF-4901-9F2F-882F2585798B}.Release|x86.Build.0 = Release|Any CPU
		{4717FD6C-36ED-4273-B297-B4E891112996}.Debug|Any CPU.ActiveCfg = Debug|Any CPU
		{4717FD6C-36ED-4273-B297-B4E891112996}.Debug|Any CPU.Build.0 = Debug|Any CPU
		{4717FD6C-36ED-4273-B297-B4E891112996}.Debug|x64.ActiveCfg = Debug|Any CPU
		{4717FD6C-36ED-4273-B297-B4E891112996}.Debug|x64.Build.0 = Debug|Any CPU
		{4717FD6C-36ED-4273-B297-B4E891112996}.Debug|x86.ActiveCfg = Debug|Any CPU
		{4717FD6C-36ED-4273-B297-B4E891112996}.Debug|x86.Build.0 = Debug|Any CPU
		{4717FD6C-36ED-4273-B297-B4E891112996}.Release|Any CPU.ActiveCfg = Release|Any CPU
		{4717FD6C-36ED-4273-B297-B4E891112996}.Release|Any CPU.Build.0 = Release|Any CPU
		{4717FD6C-36ED-4273-B297-B4E891112996}.Release|x64.ActiveCfg = Release|Any CPU
		{4717FD6C-36ED-4273-B297-B4E891112996}.Release|x64.Build.0 = Release|Any CPU
		{4717FD6C-36ED-4273-B297-B4E891112996}.Release|x86.ActiveCfg = Release|Any CPU
		{4717FD6C-36ED-4273-B297-B4E891112996}.Release|x86.Build.0 = Release|Any CPU
		{6F7AD481-AC15-40C0-8462-2F6241B0A59F}.Debug|Any CPU.ActiveCfg = Debug|Any CPU
		{6F7AD481-AC15-40C0-8462-2F6241B0A59F}.Debug|Any CPU.Build.0 = Debug|Any CPU
		{6F7AD481-AC15-40C0-8462-2F6241B0A59F}.Debug|x64.ActiveCfg = Debug|Any CPU
		{6F7AD481-AC15-40C0-8462-2F6241B0A59F}.Debug|x64.Build.0 = Debug|Any CPU
		{6F7AD481-AC15-40C0-8462-2F6241B0A59F}.Debug|x86.ActiveCfg = Debug|Any CPU
		{6F7AD481-AC15-40C0-8462-2F6241B0A59F}.Debug|x86.Build.0 = Debug|Any CPU
		{6F7AD481-AC15-40C0-8462-2F6241B0A59F}.Release|Any CPU.ActiveCfg = Release|Any CPU
		{6F7AD481-AC15-40C0-8462-2F6241B0A59F}.Release|Any CPU.Build.0 = Release|Any CPU
		{6F7AD481-AC15-40C0-8462-2F6241B0A59F}.Release|x64.ActiveCfg = Release|Any CPU
		{6F7AD481-AC15-40C0-8462-2F6241B0A59F}.Release|x64.Build.0 = Release|Any CPU
		{6F7AD481-AC15-40C0-8462-2F6241B0A59F}.Release|x86.ActiveCfg = Release|Any CPU
		{6F7AD481-AC15-40C0-8462-2F6241B0A59F}.Release|x86.Build.0 = Release|Any CPU
		{C88900FE-66AE-4E87-9B5F-E6549801CB86}.Debug|Any CPU.ActiveCfg = Debug|Any CPU
		{C88900FE-66AE-4E87-9B5F-E6549801CB86}.Debug|Any CPU.Build.0 = Debug|Any CPU
		{C88900FE-66AE-4E87-9B5F-E6549801CB86}.Debug|x64.ActiveCfg = Debug|Any CPU
		{C88900FE-66AE-4E87-9B5F-E6549801CB86}.Debug|x64.Build.0 = Debug|Any CPU
		{C88900FE-66AE-4E87-9B5F-E6549801CB86}.Debug|x86.ActiveCfg = Debug|Any CPU
		{C88900FE-66AE-4E87-9B5F-E6549801CB86}.Debug|x86.Build.0 = Debug|Any CPU
		{C88900FE-66AE-4E87-9B5F-E6549801CB86}.Release|Any CPU.ActiveCfg = Release|Any CPU
		{C88900FE-66AE-4E87-9B5F-E6549801CB86}.Release|Any CPU.Build.0 = Release|Any CPU
		{C88900FE-66AE-4E87-9B5F-E6549801CB86}.Release|x64.ActiveCfg = Release|Any CPU
		{C88900FE-66AE-4E87-9B5F-E6549801CB86}.Release|x64.Build.0 = Release|Any CPU
		{C88900FE-66AE-4E87-9B5F-E6549801CB86}.Release|x86.ActiveCfg = Release|Any CPU
		{C88900FE-66AE-4E87-9B5F-E6549801CB86}.Release|x86.Build.0 = Release|Any CPU
		{D008FEDC-3A15-CC64-7B20-E5D946E578E7}.Debug|Any CPU.ActiveCfg = Debug|Any CPU
		{D008FEDC-3A15-CC64-7B20-E5D946E578E7}.Debug|Any CPU.Build.0 = Debug|Any CPU
		{D008FEDC-3A15-CC64-7B20-E5D946E578E7}.Debug|x64.ActiveCfg = Debug|Any CPU
		{D008FEDC-3A15-CC64-7B20-E5D946E578E7}.Debug|x64.Build.0 = Debug|Any CPU
		{D008FEDC-3A15-CC64-7B20-E5D946E578E7}.Debug|x86.ActiveCfg = Debug|Any CPU
		{D008FEDC-3A15-CC64-7B20-E5D946E578E7}.Debug|x86.Build.0 = Debug|Any CPU
		{D008FEDC-3A15-CC64-7B20-E5D946E578E7}.Release|Any CPU.ActiveCfg = Release|Any CPU
		{D008FEDC-3A15-CC64-7B20-E5D946E578E7}.Release|Any CPU.Build.0 = Release|Any CPU
		{D008FEDC-3A15-CC64-7B20-E5D946E578E7}.Release|x64.ActiveCfg = Release|Any CPU
		{D008FEDC-3A15-CC64-7B20-E5D946E578E7}.Release|x64.Build.0 = Release|Any CPU
		{D008FEDC-3A15-CC64-7B20-E5D946E578E7}.Release|x86.ActiveCfg = Release|Any CPU
		{D008FEDC-3A15-CC64-7B20-E5D946E578E7}.Release|x86.Build.0 = Release|Any CPU
		{9C151B04-5592-4029-BFDC-0CFAB420C30F}.Debug|Any CPU.ActiveCfg = Debug|Any CPU
		{9C151B04-5592-4029-BFDC-0CFAB420C30F}.Debug|Any CPU.Build.0 = Debug|Any CPU
		{9C151B04-5592-4029-BFDC-0CFAB420C30F}.Debug|x64.ActiveCfg = Debug|Any CPU
		{9C151B04-5592-4029-BFDC-0CFAB420C30F}.Debug|x64.Build.0 = Debug|Any CPU
		{9C151B04-5592-4029-BFDC-0CFAB420C30F}.Debug|x86.ActiveCfg = Debug|Any CPU
		{9C151B04-5592-4029-BFDC-0CFAB420C30F}.Debug|x86.Build.0 = Debug|Any CPU
		{9C151B04-5592-4029-BFDC-0CFAB420C30F}.Release|Any CPU.ActiveCfg = Release|Any CPU
		{9C151B04-5592-4029-BFDC-0CFAB420C30F}.Release|Any CPU.Build.0 = Release|Any CPU
		{9C151B04-5592-4029-BFDC-0CFAB420C30F}.Release|x64.ActiveCfg = Release|Any CPU
		{9C151B04-5592-4029-BFDC-0CFAB420C30F}.Release|x64.Build.0 = Release|Any CPU
		{9C151B04-5592-4029-BFDC-0CFAB420C30F}.Release|x86.ActiveCfg = Release|Any CPU
		{9C151B04-5592-4029-BFDC-0CFAB420C30F}.Release|x86.Build.0 = Release|Any CPU
		{8189836B-D0F1-4FB4-A994-6ACB9DC2FF36}.Debug|Any CPU.ActiveCfg = Debug|Any CPU
		{8189836B-D0F1-4FB4-A994-6ACB9DC2FF36}.Debug|Any CPU.Build.0 = Debug|Any CPU
		{8189836B-D0F1-4FB4-A994-6ACB9DC2FF36}.Debug|x64.ActiveCfg = Debug|Any CPU
		{8189836B-D0F1-4FB4-A994-6ACB9DC2FF36}.Debug|x64.Build.0 = Debug|Any CPU
		{8189836B-D0F1-4FB4-A994-6ACB9DC2FF36}.Debug|x86.ActiveCfg = Debug|Any CPU
		{8189836B-D0F1-4FB4-A994-6ACB9DC2FF36}.Debug|x86.Build.0 = Debug|Any CPU
		{8189836B-D0F1-4FB4-A994-6ACB9DC2FF36}.Release|Any CPU.ActiveCfg = Release|Any CPU
		{8189836B-D0F1-4FB4-A994-6ACB9DC2FF36}.Release|Any CPU.Build.0 = Release|Any CPU
		{8189836B-D0F1-4FB4-A994-6ACB9DC2FF36}.Release|x64.ActiveCfg = Release|Any CPU
		{8189836B-D0F1-4FB4-A994-6ACB9DC2FF36}.Release|x64.Build.0 = Release|Any CPU
		{8189836B-D0F1-4FB4-A994-6ACB9DC2FF36}.Release|x86.ActiveCfg = Release|Any CPU
		{8189836B-D0F1-4FB4-A994-6ACB9DC2FF36}.Release|x86.Build.0 = Release|Any CPU
		{ABA11B06-9A71-4871-BE8F-FD7896E97B39}.Debug|Any CPU.ActiveCfg = Debug|Any CPU
		{ABA11B06-9A71-4871-BE8F-FD7896E97B39}.Debug|Any CPU.Build.0 = Debug|Any CPU
		{ABA11B06-9A71-4871-BE8F-FD7896E97B39}.Debug|x64.ActiveCfg = Debug|Any CPU
		{ABA11B06-9A71-4871-BE8F-FD7896E97B39}.Debug|x64.Build.0 = Debug|Any CPU
		{ABA11B06-9A71-4871-BE8F-FD7896E97B39}.Debug|x86.ActiveCfg = Debug|Any CPU
		{ABA11B06-9A71-4871-BE8F-FD7896E97B39}.Debug|x86.Build.0 = Debug|Any CPU
		{ABA11B06-9A71-4871-BE8F-FD7896E97B39}.Release|Any CPU.ActiveCfg = Release|Any CPU
		{ABA11B06-9A71-4871-BE8F-FD7896E97B39}.Release|Any CPU.Build.0 = Release|Any CPU
		{ABA11B06-9A71-4871-BE8F-FD7896E97B39}.Release|x64.ActiveCfg = Release|Any CPU
		{ABA11B06-9A71-4871-BE8F-FD7896E97B39}.Release|x64.Build.0 = Release|Any CPU
		{ABA11B06-9A71-4871-BE8F-FD7896E97B39}.Release|x86.ActiveCfg = Release|Any CPU
		{ABA11B06-9A71-4871-BE8F-FD7896E97B39}.Release|x86.Build.0 = Release|Any CPU
	EndGlobalSection
	GlobalSection(SolutionProperties) = preSolution
		HideSolutionNode = FALSE
	EndGlobalSection
	GlobalSection(NestedProjects) = preSolution
		{C3F3579D-FB6E-7806-0B70-5AE87B024CE0} = {02EA681E-C7D8-13C7-8484-4AC65E1B71E8}
		{83D81133-8394-BC74-DF46-64F8851EBD74} = {02EA681E-C7D8-13C7-8484-4AC65E1B71E8}
		{9F6E8B47-2CBF-4901-9F2F-882F2585798B} = {551296CB-30AA-4C9A-BE29-209106658EE8}
		{4717FD6C-36ED-4273-B297-B4E891112996} = {551296CB-30AA-4C9A-BE29-209106658EE8}
		{6F7AD481-AC15-40C0-8462-2F6241B0A59F} = {551296CB-30AA-4C9A-BE29-209106658EE8}
		{C88900FE-66AE-4E87-9B5F-E6549801CB86} = {551296CB-30AA-4C9A-BE29-209106658EE8}
		{9C151B04-5592-4029-BFDC-0CFAB420C30F} = {0AB3BF05-4346-4AA6-1389-037BE0695223}
		{8189836B-D0F1-4FB4-A994-6ACB9DC2FF36} = {0AB3BF05-4346-4AA6-1389-037BE0695223}
		{ABA11B06-9A71-4871-BE8F-FD7896E97B39} = {360B924C-175E-116F-0CE6-D2F1B62BE906}
	EndGlobalSection
	GlobalSection(ExtensibilityGlobals) = postSolution
		SolutionGuid = {2EBB0DF8-6F70-4964-9627-2D91E193AA6F}
	EndGlobalSection
EndGlobal
